
Microsoft Visual Studio Solution File, Format Version 12.00
# Visual Studio Version 16
VisualStudioVersion = 16.0.29306.81
MinimumVisualStudioVersion = 10.0.40219.1
Project("{8BC9CEB8-8B4A-11D0-8D11-00A0C91BC942}") = "mfx-tracer", "mfx-tracer.vcxproj", "{D77FD96A-F811-49F9-B65A-4D983B0079E0}"
	ProjectSection(ProjectDependencies) = postProject
		{45806EE4-0256-4B1D-A730-EB70966E070A} = {45806EE4-0256-4B1D-A730-EB70966E070A}
	EndProjectSection
EndProject
Project("{8BC9CEB8-8B4A-11D0-8D11-00A0C91BC942}") = "mfx-tracer-config", "mfx-tracer-config.vcxproj", "{C0856744-133B-4BC2-85FA-CA9DCEBA7CA9}"
EndProject
Project("{FAE04EC0-301F-11D3-BF4B-00C04F79EFBC}") = "tracer_vs12", "gui\tracer_vs12.csproj", "{54E94009-6BF9-4847-A614-1DDDC863EB3F}"
EndProject
Project("{8BC9CEB8-8B4A-11D0-8D11-00A0C91BC942}") = "mfx_dispatch_trace_lib", "..\..\api\mfx_dispatch\windows\mfx_prefixed_dispatch_trace_lib.vcxproj", "{45806EE4-0256-4B1D-A730-EB70966E070A}"
EndProject
Global
	GlobalSection(SolutionConfigurationPlatforms) = preSolution
		Debug_THM|Any CPU = Debug_THM|Any CPU
		Debug_THM|Mixed Platforms = Debug_THM|Mixed Platforms
		Debug_THM|Win32 = Debug_THM|Win32
		Debug_THM|x64 = Debug_THM|x64
		Debug|Any CPU = Debug|Any CPU
		Debug|Mixed Platforms = Debug|Mixed Platforms
		Debug|Win32 = Debug|Win32
		Debug|x64 = Debug|x64
		Release_THM|Any CPU = Release_THM|Any CPU
		Release_THM|Mixed Platforms = Release_THM|Mixed Platforms
		Release_THM|Win32 = Release_THM|Win32
		Release_THM|x64 = Release_THM|x64
		Release|Any CPU = Release|Any CPU
		Release|Mixed Platforms = Release|Mixed Platforms
		Release|Win32 = Release|Win32
		Release|x64 = Release|x64
	EndGlobalSection
	GlobalSection(ProjectConfigurationPlatforms) = postSolution
		{D77FD96A-F811-49F9-B65A-4D983B0079E0}.Debug_THM|Any CPU.ActiveCfg = Debug|Win32
		{D77FD96A-F811-49F9-B65A-4D983B0079E0}.Debug_THM|Mixed Platforms.ActiveCfg = Debug|Win32
		{D77FD96A-F811-49F9-B65A-4D983B0079E0}.Debug_THM|Mixed Platforms.Build.0 = Debug|Win32
		{D77FD96A-F811-49F9-B65A-4D983B0079E0}.Debug_THM|Win32.ActiveCfg = Debug|Win32
		{D77FD96A-F811-49F9-B65A-4D983B0079E0}.Debug_THM|Win32.Build.0 = Debug|Win32
		{D77FD96A-F811-49F9-B65A-4D983B0079E0}.Debug_THM|x64.ActiveCfg = Debug|Win32
		{D77FD96A-F811-49F9-B65A-4D983B0079E0}.Debug|Any CPU.ActiveCfg = Debug|Win32
		{D77FD96A-F811-49F9-B65A-4D983B0079E0}.Debug|Mixed Platforms.ActiveCfg = Debug|Win32
		{D77FD96A-F811-49F9-B65A-4D983B0079E0}.Debug|Mixed Platforms.Build.0 = Debug|Win32
		{D77FD96A-F811-49F9-B65A-4D983B0079E0}.Debug|Win32.ActiveCfg = Debug|Win32
		{D77FD96A-F811-49F9-B65A-4D983B0079E0}.Debug|Win32.Build.0 = Debug|Win32
		{D77FD96A-F811-49F9-B65A-4D983B0079E0}.Debug|x64.ActiveCfg = Debug|x64
		{D77FD96A-F811-49F9-B65A-4D983B0079E0}.Debug|x64.Build.0 = Debug|x64
		{D77FD96A-F811-49F9-B65A-4D983B0079E0}.Release_THM|Any CPU.ActiveCfg = Release|Win32
		{D77FD96A-F811-49F9-B65A-4D983B0079E0}.Release_THM|Mixed Platforms.ActiveCfg = Release|Win32
		{D77FD96A-F811-49F9-B65A-4D983B0079E0}.Release_THM|Mixed Platforms.Build.0 = Release|Win32
		{D77FD96A-F811-49F9-B65A-4D983B0079E0}.Release_THM|Win32.ActiveCfg = Release|Win32
		{D77FD96A-F811-49F9-B65A-4D983B0079E0}.Release_THM|Win32.Build.0 = Release|Win32
		{D77FD96A-F811-49F9-B65A-4D983B0079E0}.Release_THM|x64.ActiveCfg = Release|Win32
		{D77FD96A-F811-49F9-B65A-4D983B0079E0}.Release|Any CPU.ActiveCfg = Release|Win32
		{D77FD96A-F811-49F9-B65A-4D983B0079E0}.Release|Mixed Platforms.ActiveCfg = Release|Win32
		{D77FD96A-F811-49F9-B65A-4D983B0079E0}.Release|Mixed Platforms.Build.0 = Release|Win32
		{D77FD96A-F811-49F9-B65A-4D983B0079E0}.Release|Win32.ActiveCfg = Release|Win32
		{D77FD96A-F811-49F9-B65A-4D983B0079E0}.Release|Win32.Build.0 = Release|Win32
		{D77FD96A-F811-49F9-B65A-4D983B0079E0}.Release|x64.ActiveCfg = Release|x64
		{D77FD96A-F811-49F9-B65A-4D983B0079E0}.Release|x64.Build.0 = Release|x64
		{C0856744-133B-4BC2-85FA-CA9DCEBA7CA9}.Debug_THM|Any CPU.ActiveCfg = Debug|Win32
		{C0856744-133B-4BC2-85FA-CA9DCEBA7CA9}.Debug_THM|Mixed Platforms.ActiveCfg = Debug|Win32
		{C0856744-133B-4BC2-85FA-CA9DCEBA7CA9}.Debug_THM|Mixed Platforms.Build.0 = Debug|Win32
		{C0856744-133B-4BC2-85FA-CA9DCEBA7CA9}.Debug_THM|Win32.ActiveCfg = Debug|Win32
		{C0856744-133B-4BC2-85FA-CA9DCEBA7CA9}.Debug_THM|Win32.Build.0 = Debug|Win32
		{C0856744-133B-4BC2-85FA-CA9DCEBA7CA9}.Debug_THM|x64.ActiveCfg = Debug|Win32
		{C0856744-133B-4BC2-85FA-CA9DCEBA7CA9}.Debug|Any CPU.ActiveCfg = Debug|Win32
		{C0856744-133B-4BC2-85FA-CA9DCEBA7CA9}.Debug|Mixed Platforms.ActiveCfg = Debug|Win32
		{C0856744-133B-4BC2-85FA-CA9DCEBA7CA9}.Debug|Mixed Platforms.Build.0 = Debug|Win32
		{C0856744-133B-4BC2-85FA-CA9DCEBA7CA9}.Debug|Win32.ActiveCfg = Debug|Win32
		{C0856744-133B-4BC2-85FA-CA9DCEBA7CA9}.Debug|x64.ActiveCfg = Debug|Win32
		{C0856744-133B-4BC2-85FA-CA9DCEBA7CA9}.Release_THM|Any CPU.ActiveCfg = Release|Win32
		{C0856744-133B-4BC2-85FA-CA9DCEBA7CA9}.Release_THM|Mixed Platforms.ActiveCfg = Release|Win32
		{C0856744-133B-4BC2-85FA-CA9DCEBA7CA9}.Release_THM|Mixed Platforms.Build.0 = Release|Win32
		{C0856744-133B-4BC2-85FA-CA9DCEBA7CA9}.Release_THM|Win32.ActiveCfg = Release|Win32
		{C0856744-133B-4BC2-85FA-CA9DCEBA7CA9}.Release_THM|Win32.Build.0 = Release|Win32
		{C0856744-133B-4BC2-85FA-CA9DCEBA7CA9}.Release_THM|x64.ActiveCfg = Release|Win32
		{C0856744-133B-4BC2-85FA-CA9DCEBA7CA9}.Release|Any CPU.ActiveCfg = Release|Win32
		{C0856744-133B-4BC2-85FA-CA9DCEBA7CA9}.Release|Mixed Platforms.ActiveCfg = Release|Win32
		{C0856744-133B-4BC2-85FA-CA9DCEBA7CA9}.Release|Mixed Platforms.Build.0 = Release|Win32
		{C0856744-133B-4BC2-85FA-CA9DCEBA7CA9}.Release|Win32.ActiveCfg = Release|Win32
		{C0856744-133B-4BC2-85FA-CA9DCEBA7CA9}.Release|x64.ActiveCfg = Release|Win32
		{54E94009-6BF9-4847-A614-1DDDC863EB3F}.Debug_THM|Any CPU.ActiveCfg = Release|x64
		{54E94009-6BF9-4847-A614-1DDDC863EB3F}.Debug_THM|Any CPU.Build.0 = Release|x64
		{54E94009-6BF9-4847-A614-1DDDC863EB3F}.Debug_THM|Mixed Platforms.ActiveCfg = Debug|x86
		{54E94009-6BF9-4847-A614-1DDDC863EB3F}.Debug_THM|Mixed Platforms.Build.0 = Debug|x86
		{54E94009-6BF9-4847-A614-1DDDC863EB3F}.Debug_THM|Win32.ActiveCfg = Debug|x86
		{54E94009-6BF9-4847-A614-1DDDC863EB3F}.Debug_THM|Win32.Build.0 = Debug|x86
		{54E94009-6BF9-4847-A614-1DDDC863EB3F}.Debug_THM|x64.ActiveCfg = Debug|x64
		{54E94009-6BF9-4847-A614-1DDDC863EB3F}.Debug_THM|x64.Build.0 = Debug|x64
		{54E94009-6BF9-4847-A614-1DDDC863EB3F}.Debug|Any CPU.ActiveCfg = Debug|x86
		{54E94009-6BF9-4847-A614-1DDDC863EB3F}.Debug|Mixed Platforms.ActiveCfg = Debug|x86
		{54E94009-6BF9-4847-A614-1DDDC863EB3F}.Debug|Mixed Platforms.Build.0 = Debug|x86
		{54E94009-6BF9-4847-A614-1DDDC863EB3F}.Debug|Win32.ActiveCfg = Debug|x86
		{54E94009-6BF9-4847-A614-1DDDC863EB3F}.Debug|Win32.Build.0 = Debug|x86
		{54E94009-6BF9-4847-A614-1DDDC863EB3F}.Debug|x64.ActiveCfg = Debug|x64
		{54E94009-6BF9-4847-A614-1DDDC863EB3F}.Debug|x64.Build.0 = Debug|x64
		{54E94009-6BF9-4847-A614-1DDDC863EB3F}.Release_THM|Any CPU.ActiveCfg = Release|x64
		{54E94009-6BF9-4847-A614-1DDDC863EB3F}.Release_THM|Any CPU.Build.0 = Release|x64
		{54E94009-6BF9-4847-A614-1DDDC863EB3F}.Release_THM|Mixed Platforms.ActiveCfg = Release|x86
		{54E94009-6BF9-4847-A614-1DDDC863EB3F}.Release_THM|Mixed Platforms.Build.0 = Release|x86
		{54E94009-6BF9-4847-A614-1DDDC863EB3F}.Release_THM|Win32.ActiveCfg = Release|x86
		{54E94009-6BF9-4847-A614-1DDDC863EB3F}.Release_THM|Win32.Build.0 = Release|x86
		{54E94009-6BF9-4847-A614-1DDDC863EB3F}.Release_THM|x64.ActiveCfg = Release|x64
		{54E94009-6BF9-4847-A614-1DDDC863EB3F}.Release_THM|x64.Build.0 = Release|x64
		{54E94009-6BF9-4847-A614-1DDDC863EB3F}.Release|Any CPU.ActiveCfg = Release|x86
		{54E94009-6BF9-4847-A614-1DDDC863EB3F}.Release|Mixed Platforms.ActiveCfg = Release|x86
		{54E94009-6BF9-4847-A614-1DDDC863EB3F}.Release|Mixed Platforms.Build.0 = Release|x86
		{54E94009-6BF9-4847-A614-1DDDC863EB3F}.Release|Win32.ActiveCfg = Release|x86
		{54E94009-6BF9-4847-A614-1DDDC863EB3F}.Release|Win32.Build.0 = Release|x86
		{54E94009-6BF9-4847-A614-1DDDC863EB3F}.Release|x64.ActiveCfg = Release|x64
		{54E94009-6BF9-4847-A614-1DDDC863EB3F}.Release|x64.Build.0 = Release|x64
		{45806EE4-0256-4B1D-A730-EB70966E070A}.Debug_THM|Any CPU.ActiveCfg = Debug|Win32
		{45806EE4-0256-4B1D-A730-EB70966E070A}.Debug_THM|Mixed Platforms.ActiveCfg = Debug|Win32
		{45806EE4-0256-4B1D-A730-EB70966E070A}.Debug_THM|Mixed Platforms.Build.0 = Debug|Win32
		{45806EE4-0256-4B1D-A730-EB70966E070A}.Debug_THM|Win32.ActiveCfg = Debug|Win32
		{45806EE4-0256-4B1D-A730-EB70966E070A}.Debug_THM|Win32.Build.0 = Debug|Win32
		{45806EE4-0256-4B1D-A730-EB70966E070A}.Debug_THM|x64.ActiveCfg = Debug|x64
		{45806EE4-0256-4B1D-A730-EB70966E070A}.Debug_THM|x64.Build.0 = Debug|x64
		{45806EE4-0256-4B1D-A730-EB70966E070A}.Debug|Any CPU.ActiveCfg = Debug|Win32
		{45806EE4-0256-4B1D-A730-EB70966E070A}.Debug|Mixed Platforms.ActiveCfg = Debug|Win32
		{45806EE4-0256-4B1D-A730-EB70966E070A}.Debug|Mixed Platforms.Build.0 = Debug|Win32
		{45806EE4-0256-4B1D-A730-EB70966E070A}.Debug|Win32.ActiveCfg = Debug|Win32
		{45806EE4-0256-4B1D-A730-EB70966E070A}.Debug|Win32.Build.0 = Debug|Win32
		{45806EE4-0256-4B1D-A730-EB70966E070A}.Debug|x64.ActiveCfg = Debug|x64
		{45806EE4-0256-4B1D-A730-EB70966E070A}.Debug|x64.Build.0 = Debug|x64
		{45806EE4-0256-4B1D-A730-EB70966E070A}.Release_THM|Any CPU.ActiveCfg = Release|Win32
		{45806EE4-0256-4B1D-A730-EB70966E070A}.Release_THM|Mixed Platforms.ActiveCfg = Release|Win32
		{45806EE4-0256-4B1D-A730-EB70966E070A}.Release_THM|Mixed Platforms.Build.0 = Release|Win32
		{45806EE4-0256-4B1D-A730-EB70966E070A}.Release_THM|Win32.ActiveCfg = Release|Win32
		{45806EE4-0256-4B1D-A730-EB70966E070A}.Release_THM|Win32.Build.0 = Release|Win32
		{45806EE4-0256-4B1D-A730-EB70966E070A}.Release_THM|x64.ActiveCfg = Release|x64
		{45806EE4-0256-4B1D-A730-EB70966E070A}.Release_THM|x64.Build.0 = Release|x64
		{45806EE4-0256-4B1D-A730-EB70966E070A}.Release|Any CPU.ActiveCfg = Release|Win32
		{45806EE4-0256-4B1D-A730-EB70966E070A}.Release|Mixed Platforms.ActiveCfg = Release|Win32
		{45806EE4-0256-4B1D-A730-EB70966E070A}.Release|Mixed Platforms.Build.0 = Release|Win32
		{45806EE4-0256-4B1D-A730-EB70966E070A}.Release|Win32.ActiveCfg = Release|Win32
		{45806EE4-0256-4B1D-A730-EB70966E070A}.Release|Win32.Build.0 = Release|Win32
		{45806EE4-0256-4B1D-A730-EB70966E070A}.Release|x64.ActiveCfg = Release|x64
		{45806EE4-0256-4B1D-A730-EB70966E070A}.Release|x64.Build.0 = Release|x64
	EndGlobalSection
	GlobalSection(SolutionProperties) = preSolution
		HideSolutionNode = FALSE
	EndGlobalSection
	GlobalSection(ExtensibilityGlobals) = postSolution
		SolutionGuid = {B7A30992-2B34-4251-8573-4C023151A8C3}
	EndGlobalSection
EndGlobal
