Microsoft Visual Studio Solution File, Format Version 12.00
# Visual Studio 15
VisualStudioVersion = 15.0.27703.2000
MinimumVisualStudioVersion = 10.0.40219.1
Project("{8BC9CEB8-8B4A-11D0-8D11-00A0C91BC942}") = "libmfx_vs2015", "api\mfx_dispatch\windows\libmfx_vs2015.vcxproj", "{A9F7AEFB-DC6C-49E8-8E71-5351ABDCE627}"
EndProject
Project("{8BC9CEB8-8B4A-11D0-8D11-00A0C91BC942}") = "sample_common", "samples\sample_common\sample_common.vcxproj", "{5FADB243-53C3-4776-A20F-8BD65C10CF41}"
EndProject
Project("{8BC9CEB8-8B4A-11D0-8D11-00A0C91BC942}") = "sample_decode", "samples\sample_decode\sample_decode.vcxproj", "{F22D082D-FDDD-4946-A11B-5276F0994C74}"
	ProjectSection(ProjectDependencies) = postProject
		{A9F7AEFB-DC6C-49E8-8E71-5351ABDCE627} = {A9F7AEFB-DC6C-49E8-8E71-5351ABDCE627}
	EndProjectSection
EndProject
Project("{8BC9CEB8-8B4A-11D0-8D11-00A0C91BC942}") = "sample_encode", "samples\sample_encode\sample_encode.vcxproj", "{33834A6A-4466-4339-8C7C-FBA250BC1957}"
	ProjectSection(ProjectDependencies) = postProject
		{A9F7AEFB-DC6C-49E8-8E71-5351ABDCE627} = {A9F7AEFB-DC6C-49E8-8E71-5351ABDCE627}
	EndProjectSection
EndProject
Project("{8BC9CEB8-8B4A-11D0-8D11-00A0C91BC942}") = "sample_multi_transcode", "samples\sample_multi_transcode\sample_multi_transcode.vcxproj", "{58D93FCA-FDE9-4D22-8E8D-402EEBACF2BD}"
	ProjectSection(ProjectDependencies) = postProject
		{A9F7AEFB-DC6C-49E8-8E71-5351ABDCE627} = {A9F7AEFB-DC6C-49E8-8E71-5351ABDCE627}
	EndProjectSection
EndProject
Project("{8BC9CEB8-8B4A-11D0-8D11-00A0C91BC942}") = "sample_rotate_plugin", "samples\sample_plugins\rotate_cpu\sample_rotate_plugin.vcxproj", "{C5F515E3-379A-4678-B947-509B3603D826}"
EndProject
Project("{8BC9CEB8-8B4A-11D0-8D11-00A0C91BC942}") = "vpp_plugin", "samples\sample_plugins\vpp_plugin\vpp_plugin.vcxproj", "{474EF95D-3579-411B-9DDB-88B49F923D65}"
EndProject
Project("{2150E333-8FDC-42A3-9474-1A3956D46DE8}") = "Sample plugins", "Sample plugins", "{E4C0D92D-FE15-43AE-A86D-A9866C0A50E6}"
EndProject
Project("{8BC9CEB8-8B4A-11D0-8D11-00A0C91BC942}") = "sample_vpp", "samples\sample_vpp\sample_vpp.vcxproj", "{A0872728-B771-49B5-93FA-D7140631A829}"
	ProjectSection(ProjectDependencies) = postProject
		{A9F7AEFB-DC6C-49E8-8E71-5351ABDCE627} = {A9F7AEFB-DC6C-49E8-8E71-5351ABDCE627}
	EndProjectSection
EndProject
Project("{8BC9CEB8-8B4A-11D0-8D11-00A0C91BC942}") = "sample_camera", "samples\sample_camera\sample_camera.vcxproj", "{A812C44D-0255-4796-9042-BCAE99963E7D}"
	ProjectSection(ProjectDependencies) = postProject
		{A9F7AEFB-DC6C-49E8-8E71-5351ABDCE627} = {A9F7AEFB-DC6C-49E8-8E71-5351ABDCE627}
	EndProjectSection
EndProject
Project("{8BC9CEB8-8B4A-11D0-8D11-00A0C91BC942}") = "sample_plugin_opencl", "samples\sample_plugins\rotate_opencl\sample_plugin_opencl.vcxproj", "{E90AE63E-F219-4389-A955-26E78BD1BD9A}"
	ProjectSection(ProjectDependencies) = postProject
		{A9F7AEFB-DC6C-49E8-8E71-5351ABDCE627} = {A9F7AEFB-DC6C-49E8-8E71-5351ABDCE627}
	EndProjectSection
EndProject
Project("{2150E333-8FDC-42A3-9474-1A3956D46DE8}") = "Samples", "Samples", "{CD184324-7B3B-48FD-9B41-4A4638B41459}"
EndProject
Project("{2150E333-8FDC-42A3-9474-1A3956D46DE8}") = "Tutorials", "Tutorials", "{37F1D2F6-0C25-455B-BD67-F4CCF9D6F58B}"
EndProject
Project("{8BC9CEB8-8B4A-11D0-8D11-00A0C91BC942}") = "simple_session", "tutorials\simple_1_session\simple_session.vcxproj", "{A6E3D645-0F58-45F4-BDC3-CA457C87D7BC}"
	ProjectSection(ProjectDependencies) = postProject
		{A9F7AEFB-DC6C-49E8-8E71-5351ABDCE627} = {A9F7AEFB-DC6C-49E8-8E71-5351ABDCE627}
	EndProjectSection
EndProject
Project("{8BC9CEB8-8B4A-11D0-8D11-00A0C91BC942}") = "simple_decode", "tutorials\simple_2_decode\simple_decode.vcxproj", "{E33A27AB-1B93-44D0-87FA-58FF238056A6}"
	ProjectSection(ProjectDependencies) = postProject
		{A9F7AEFB-DC6C-49E8-8E71-5351ABDCE627} = {A9F7AEFB-DC6C-49E8-8E71-5351ABDCE627}
	EndProjectSection
EndProject
Project("{8BC9CEB8-8B4A-11D0-8D11-00A0C91BC942}") = "simple_decode_hevc10", "tutorials\simple_2_decode_hevc10\simple_decode_hevc10.vcxproj", "{F21AF849-7361-421A-975F-EB4974DD1DEE}"
	ProjectSection(ProjectDependencies) = postProject
		{A9F7AEFB-DC6C-49E8-8E71-5351ABDCE627} = {A9F7AEFB-DC6C-49E8-8E71-5351ABDCE627}
	EndProjectSection
EndProject
Project("{8BC9CEB8-8B4A-11D0-8D11-00A0C91BC942}") = "simple_decode_d3d", "tutorials\simple_2_decode_vmem\simple_decode_d3d.vcxproj", "{AEE6CB8D-BDC3-4DFB-906B-E3A2DF69DC44}"
	ProjectSection(ProjectDependencies) = postProject
		{A9F7AEFB-DC6C-49E8-8E71-5351ABDCE627} = {A9F7AEFB-DC6C-49E8-8E71-5351ABDCE627}
	EndProjectSection
EndProject
Project("{8BC9CEB8-8B4A-11D0-8D11-00A0C91BC942}") = "simple_decode_d3d11", "tutorials\simple_2_decode_vmem\simple_decode_d3d11.vcxproj", "{1E934EA5-0825-4337-BF4F-3255DAE37E26}"
	ProjectSection(ProjectDependencies) = postProject
		{A9F7AEFB-DC6C-49E8-8E71-5351ABDCE627} = {A9F7AEFB-DC6C-49E8-8E71-5351ABDCE627}
	EndProjectSection
EndProject
Project("{8BC9CEB8-8B4A-11D0-8D11-00A0C91BC942}") = "simple_encode", "tutorials\simple_3_encode\simple_encode.vcxproj", "{B5CEF93B-C13B-48CB-AAFD-848B6740A749}"
	ProjectSection(ProjectDependencies) = postProject
		{A9F7AEFB-DC6C-49E8-8E71-5351ABDCE627} = {A9F7AEFB-DC6C-49E8-8E71-5351ABDCE627}
	EndProjectSection
EndProject
Project("{8BC9CEB8-8B4A-11D0-8D11-00A0C91BC942}") = "simple_encode_hevc10", "tutorials\simple_3_encode_hevc10\simple_encode_hevc10.vcxproj", "{36DDEBA8-A861-43C7-9D36-C9A679A67D9C}"
	ProjectSection(ProjectDependencies) = postProject
		{A9F7AEFB-DC6C-49E8-8E71-5351ABDCE627} = {A9F7AEFB-DC6C-49E8-8E71-5351ABDCE627}
	EndProjectSection
EndProject
Project("{8BC9CEB8-8B4A-11D0-8D11-00A0C91BC942}") = "simple_encode_d3d", "tutorials\simple_3_encode_vmem\simple_encode_d3d.vcxproj", "{9156A6EA-5B65-4313-93B9-7EFE20BD97BC}"
	ProjectSection(ProjectDependencies) = postProject
		{A9F7AEFB-DC6C-49E8-8E71-5351ABDCE627} = {A9F7AEFB-DC6C-49E8-8E71-5351ABDCE627}
	EndProjectSection
EndProject
Project("{8BC9CEB8-8B4A-11D0-8D11-00A0C91BC942}") = "simple_encode_d3d11", "tutorials\simple_3_encode_vmem\simple_encode_d3d11.vcxproj", "{A86BA466-16CA-413C-8D37-34340E288566}"
	ProjectSection(ProjectDependencies) = postProject
		{A9F7AEFB-DC6C-49E8-8E71-5351ABDCE627} = {A9F7AEFB-DC6C-49E8-8E71-5351ABDCE627}
	EndProjectSection
EndProject
Project("{8BC9CEB8-8B4A-11D0-8D11-00A0C91BC942}") = "simple_encode_d3d_async", "tutorials\simple_3_encode_vmem_async\simple_encode_d3d_async.vcxproj", "{C7573082-1570-4099-9D45-62014BD2C43B}"
	ProjectSection(ProjectDependencies) = postProject
		{A9F7AEFB-DC6C-49E8-8E71-5351ABDCE627} = {A9F7AEFB-DC6C-49E8-8E71-5351ABDCE627}
	EndProjectSection
EndProject
Project("{8BC9CEB8-8B4A-11D0-8D11-00A0C91BC942}") = "simple_encode_d3d11_async", "tutorials\simple_3_encode_vmem_async\simple_encode_d3d11_async.vcxproj", "{146842F9-B6FE-4A81-949F-41B7745AEE43}"
	ProjectSection(ProjectDependencies) = postProject
		{A9F7AEFB-DC6C-49E8-8E71-5351ABDCE627} = {A9F7AEFB-DC6C-49E8-8E71-5351ABDCE627}
	EndProjectSection
EndProject
Project("{8BC9CEB8-8B4A-11D0-8D11-00A0C91BC942}") = "simple_vpp", "tutorials\simple_4_vpp_resize_denoise\simple_vpp.vcxproj", "{94A52075-C449-45CA-A9B2-79E7B4BA27F1}"
	ProjectSection(ProjectDependencies) = postProject
		{A9F7AEFB-DC6C-49E8-8E71-5351ABDCE627} = {A9F7AEFB-DC6C-49E8-8E71-5351ABDCE627}
	EndProjectSection
EndProject
Project("{8BC9CEB8-8B4A-11D0-8D11-00A0C91BC942}") = "simple_vpp_d3d", "tutorials\simple_4_vpp_resize_denoise_vmem\simple_vpp_d3d.vcxproj", "{8B29C54E-B344-4619-935D-0547AF9B7DB2}"
	ProjectSection(ProjectDependencies) = postProject
		{A9F7AEFB-DC6C-49E8-8E71-5351ABDCE627} = {A9F7AEFB-DC6C-49E8-8E71-5351ABDCE627}
	EndProjectSection
EndProject
Project("{8BC9CEB8-8B4A-11D0-8D11-00A0C91BC942}") = "simple_vpp_d3d11", "tutorials\simple_4_vpp_resize_denoise_vmem\simple_vpp_d3d11.vcxproj", "{A102864A-E273-45B7-B2DA-E5E557888FAC}"
	ProjectSection(ProjectDependencies) = postProject
		{A9F7AEFB-DC6C-49E8-8E71-5351ABDCE627} = {A9F7AEFB-DC6C-49E8-8E71-5351ABDCE627}
	EndProjectSection
EndProject
Project("{8BC9CEB8-8B4A-11D0-8D11-00A0C91BC942}") = "simple_transcode", "tutorials\simple_5_transcode\simple_transcode.vcxproj", "{E1921C36-49E4-4E10-B318-926D0E26CAEE}"
	ProjectSection(ProjectDependencies) = postProject
		{A9F7AEFB-DC6C-49E8-8E71-5351ABDCE627} = {A9F7AEFB-DC6C-49E8-8E71-5351ABDCE627}
	EndProjectSection
EndProject
Project("{8BC9CEB8-8B4A-11D0-8D11-00A0C91BC942}") = "simple_transcode_opaque", "tutorials\simple_5_transcode_opaque\simple_transcode_opaque.vcxproj", "{4977020C-A511-4859-9FE5-F52CB44FB5AC}"
	ProjectSection(ProjectDependencies) = postProject
		{A9F7AEFB-DC6C-49E8-8E71-5351ABDCE627} = {A9F7AEFB-DC6C-49E8-8E71-5351ABDCE627}
	EndProjectSection
EndProject
Project("{8BC9CEB8-8B4A-11D0-8D11-00A0C91BC942}") = "simple_transcode_opaque_async", "tutorials\simple_5_transcode_opaque_async\simple_transcode_opaque_async.vcxproj", "{CCA74C78-3F76-4540-AFC9-0FBF9F4D7F15}"
	ProjectSection(ProjectDependencies) = postProject
		{A9F7AEFB-DC6C-49E8-8E71-5351ABDCE627} = {A9F7AEFB-DC6C-49E8-8E71-5351ABDCE627}
	EndProjectSection
EndProject
Project("{8BC9CEB8-8B4A-11D0-8D11-00A0C91BC942}") = "simple_transcode_opaque_async_vppresize", "tutorials\simple_5_transcode_opaque_async_vppresize\simple_transcode_opaque_async_vppresize.vcxproj", "{B13225FB-F1D7-49F9-9AC9-A076560E7281}"
	ProjectSection(ProjectDependencies) = postProject
		{A9F7AEFB-DC6C-49E8-8E71-5351ABDCE627} = {A9F7AEFB-DC6C-49E8-8E71-5351ABDCE627}
	EndProjectSection
EndProject
Project("{8BC9CEB8-8B4A-11D0-8D11-00A0C91BC942}") = "simple_transcode_d3d", "tutorials\simple_5_transcode_vmem\simple_transcode_d3d.vcxproj", "{077D486E-C97E-46DE-B937-C12F1E5A18F4}"
	ProjectSection(ProjectDependencies) = postProject
		{A9F7AEFB-DC6C-49E8-8E71-5351ABDCE627} = {A9F7AEFB-DC6C-49E8-8E71-5351ABDCE627}
	EndProjectSection
EndProject
Project("{8BC9CEB8-8B4A-11D0-8D11-00A0C91BC942}") = "simple_transcode_d3d11", "tutorials\simple_5_transcode_vmem\simple_transcode_d3d11.vcxproj", "{D3855FD4-F910-45F2-8DE4-B1596674FA07}"
	ProjectSection(ProjectDependencies) = postProject
		{A9F7AEFB-DC6C-49E8-8E71-5351ABDCE627} = {A9F7AEFB-DC6C-49E8-8E71-5351ABDCE627}
	EndProjectSection
EndProject
Project("{8BC9CEB8-8B4A-11D0-8D11-00A0C91BC942}") = "simple_decode_vpp_pp", "tutorials\simple_6_decode_vpp_postproc\simple_decode_vpp_pp.vcxproj", "{E88921E6-3A6E-4E31-A795-916FB5D618EE}"
	ProjectSection(ProjectDependencies) = postProject
		{A9F7AEFB-DC6C-49E8-8E71-5351ABDCE627} = {A9F7AEFB-DC6C-49E8-8E71-5351ABDCE627}
	EndProjectSection
EndProject
Project("{8BC9CEB8-8B4A-11D0-8D11-00A0C91BC942}") = "simple_encode_d3d_lowlat", "tutorials\simple_6_encode_vmem_lowlatency\simple_encode_d3d_lowlat.vcxproj", "{E53CB2EC-B1CA-4714-A0C2-36EA42B835A7}"
	ProjectSection(ProjectDependencies) = postProject
		{A9F7AEFB-DC6C-49E8-8E71-5351ABDCE627} = {A9F7AEFB-DC6C-49E8-8E71-5351ABDCE627}
	EndProjectSection
EndProject
Project("{8BC9CEB8-8B4A-11D0-8D11-00A0C91BC942}") = "simple_encode_d3d11_lowlat", "tutorials\simple_6_encode_vmem_lowlatency\simple_encode_d3d11_lowlat.vcxproj", "{1B6D5C1F-0CA1-4927-B1AF-E02EAE32AB60}"
	ProjectSection(ProjectDependencies) = postProject
		{A9F7AEFB-DC6C-49E8-8E71-5351ABDCE627} = {A9F7AEFB-DC6C-49E8-8E71-5351ABDCE627}
	EndProjectSection
EndProject
Project("{8BC9CEB8-8B4A-11D0-8D11-00A0C91BC942}") = "simple_encode_d3d_preproc", "tutorials\simple_6_encode_vmem_vpp_preproc\simple_encode_d3d_preproc.vcxproj", "{0A022F27-BBC3-4FDA-A7C0-6B64C90EA73C}"
	ProjectSection(ProjectDependencies) = postProject
		{A9F7AEFB-DC6C-49E8-8E71-5351ABDCE627} = {A9F7AEFB-DC6C-49E8-8E71-5351ABDCE627}
	EndProjectSection
EndProject
Project("{8BC9CEB8-8B4A-11D0-8D11-00A0C91BC942}") = "simple_encode_d3d11_preproc", "tutorials\simple_6_encode_vmem_vpp_preproc\simple_encode_d3d11_preproc.vcxproj", "{84D8C657-E331-4AE6-8499-F5C53FC95D4C}"
	ProjectSection(ProjectDependencies) = postProject
		{A9F7AEFB-DC6C-49E8-8E71-5351ABDCE627} = {A9F7AEFB-DC6C-49E8-8E71-5351ABDCE627}
	EndProjectSection
EndProject
Project("{8BC9CEB8-8B4A-11D0-8D11-00A0C91BC942}") = "simple_transcode_opaque_lowlat", "tutorials\simple_6_transcode_opaque_lowlatency\simple_transcode_opaque_lowlat.vcxproj", "{319F313B-5F9B-4A65-BDAE-7FD67BEA00EE}"
	ProjectSection(ProjectDependencies) = postProject
		{A9F7AEFB-DC6C-49E8-8E71-5351ABDCE627} = {A9F7AEFB-DC6C-49E8-8E71-5351ABDCE627}
	EndProjectSection
EndProject
Project("{2150E333-8FDC-42A3-9474-1A3956D46DE8}") = "Tools", "Tools", "{5BBA34FD-7BEA-4742-96D6-4629CFE9294C}"
EndProject
Project("{8BC9CEB8-8B4A-11D0-8D11-00A0C91BC942}") = "asg-hevc", "tools\asg-hevc\asg-hevc.vcxproj", "{270C4BB6-C45C-4541-8F9C-47D30C4744F1}"
EndProject
Project("{8BC9CEB8-8B4A-11D0-8D11-00A0C91BC942}") = "bs_parser_hevc", "tools\bs_parser_hevc\bs_parser_hevc.vcxproj", "{6A44B0B8-2D21-4D64-9F0A-D73A2BBB3103}"
EndProject
Project("{8BC9CEB8-8B4A-11D0-8D11-00A0C91BC942}") = "hevc_fei_extractor", "tools\bs_parser_hevc\tools\hevc_fei_extractor\hevc_fei_extractor.vcxproj", "{11CDD87B-B0B9-4BA3-BC68-6501053C28A7}"
EndProject
Project("{8BC9CEB8-8B4A-11D0-8D11-00A0C91BC942}") = "libmfx_uwp", "api\mfx_dispatch\windows\libmfx_uwp.vcxproj", "{336AEFC3-987C-40AA-9678-E8BF1EC9C26F}"
EndProject
Project("{8BC9CEB8-8B4A-11D0-8D11-00A0C91BC942}") = "mfx-tracer", "tools\tracer\mfx-tracer.vcxproj", "{D77FD96A-F811-49F9-B65A-4D983B0079E0}"
	ProjectSection(ProjectDependencies) = postProject
		{45806EE4-0256-4B1D-A730-EB70966E070A} = {45806EE4-0256-4B1D-A730-EB70966E070A}
	EndProjectSection
EndProject
Project("{8BC9CEB8-8B4A-11D0-8D11-00A0C91BC942}") = "mfx-tracer-config", "tools\tracer\mfx-tracer-config.vcxproj", "{C0856744-133B-4BC2-85FA-CA9DCEBA7CA9}"
EndProject
Project("{FAE04EC0-301F-11D3-BF4B-00C04F79EFBC}") = "tracer_vs12", "tools\tracer\gui\tracer_vs12.csproj", "{54E94009-6BF9-4847-A614-1DDDC863EB3F}"
EndProject
Project("{8BC9CEB8-8B4A-11D0-8D11-00A0C91BC942}") = "mfx_dispatch_trace_lib", "api\mfx_dispatch\windows\mfx_prefixed_dispatch_trace_lib.vcxproj", "{45806EE4-0256-4B1D-A730-EB70966E070A}"
EndProject
Global
	GlobalSection(SolutionConfigurationPlatforms) = preSolution
		Debug|ARM = Debug|ARM
		Debug|Win32 = Debug|Win32
		Debug|x64 = Debug|x64
		Release|ARM = Release|ARM
		Release|Win32 = Release|Win32
		Release|x64 = Release|x64
	EndGlobalSection
	GlobalSection(ProjectConfigurationPlatforms) = postSolution
		{A9F7AEFB-DC6C-49E8-8E71-5351ABDCE627}.Debug|ARM.ActiveCfg = Debug|Win32
		{A9F7AEFB-DC6C-49E8-8E71-5351ABDCE627}.Debug|Win32.ActiveCfg = Debug|Win32
		{A9F7AEFB-DC6C-49E8-8E71-5351ABDCE627}.Debug|Win32.Build.0 = Debug|Win32
		{A9F7AEFB-DC6C-49E8-8E71-5351ABDCE627}.Debug|x64.ActiveCfg = Debug|x64
		{A9F7AEFB-DC6C-49E8-8E71-5351ABDCE627}.Debug|x64.Build.0 = Debug|x64
		{A9F7AEFB-DC6C-49E8-8E71-5351ABDCE627}.Release|ARM.ActiveCfg = Release|Win32
		{A9F7AEFB-DC6C-49E8-8E71-5351ABDCE627}.Release|Win32.ActiveCfg = Release|Win32
		{A9F7AEFB-DC6C-49E8-8E71-5351ABDCE627}.Release|Win32.Build.0 = Release|Win32
		{A9F7AEFB-DC6C-49E8-8E71-5351ABDCE627}.Release|x64.ActiveCfg = Release|x64
		{A9F7AEFB-DC6C-49E8-8E71-5351ABDCE627}.Release|x64.Build.0 = Release|x64
		{5FADB243-53C3-4776-A20F-8BD65C10CF41}.Debug|ARM.ActiveCfg = Debug|Win32
		{5FADB243-53C3-4776-A20F-8BD65C10CF41}.Debug|Win32.ActiveCfg = Debug|Win32
		{5FADB243-53C3-4776-A20F-8BD65C10CF41}.Debug|Win32.Build.0 = Debug|Win32
		{5FADB243-53C3-4776-A20F-8BD65C10CF41}.Debug|x64.ActiveCfg = Debug|x64
		{5FADB243-53C3-4776-A20F-8BD65C10CF41}.Debug|x64.Build.0 = Debug|x64
		{5FADB243-53C3-4776-A20F-8BD65C10CF41}.Release|ARM.ActiveCfg = Release|Win32
		{5FADB243-53C3-4776-A20F-8BD65C10CF41}.Release|Win32.ActiveCfg = Release|Win32
		{5FADB243-53C3-4776-A20F-8BD65C10CF41}.Release|Win32.Build.0 = Release|Win32
		{5FADB243-53C3-4776-A20F-8BD65C10CF41}.Release|x64.ActiveCfg = Release|x64
		{5FADB243-53C3-4776-A20F-8BD65C10CF41}.Release|x64.Build.0 = Release|x64
		{F22D082D-FDDD-4946-A11B-5276F0994C74}.Debug|ARM.ActiveCfg = Debug|Win32
		{F22D082D-FDDD-4946-A11B-5276F0994C74}.Debug|Win32.ActiveCfg = Debug|Win32
		{F22D082D-FDDD-4946-A11B-5276F0994C74}.Debug|Win32.Build.0 = Debug|Win32
		{F22D082D-FDDD-4946-A11B-5276F0994C74}.Debug|x64.ActiveCfg = Debug|x64
		{F22D082D-FDDD-4946-A11B-5276F0994C74}.Debug|x64.Build.0 = Debug|x64
		{F22D082D-FDDD-4946-A11B-5276F0994C74}.Debug|x64.Deploy.0 = Debug|x64
		{F22D082D-FDDD-4946-A11B-5276F0994C74}.Release|ARM.ActiveCfg = Release|Win32
		{F22D082D-FDDD-4946-A11B-5276F0994C74}.Release|Win32.ActiveCfg = Release|Win32
		{F22D082D-FDDD-4946-A11B-5276F0994C74}.Release|Win32.Build.0 = Release|Win32
		{F22D082D-FDDD-4946-A11B-5276F0994C74}.Release|x64.ActiveCfg = Release|x64
		{F22D082D-FDDD-4946-A11B-5276F0994C74}.Release|x64.Build.0 = Release|x64
		{33834A6A-4466-4339-8C7C-FBA250BC1957}.Debug|ARM.ActiveCfg = Debug|Win32
		{33834A6A-4466-4339-8C7C-FBA250BC1957}.Debug|Win32.ActiveCfg = Debug|Win32
		{33834A6A-4466-4339-8C7C-FBA250BC1957}.Debug|Win32.Build.0 = Debug|Win32
		{33834A6A-4466-4339-8C7C-FBA250BC1957}.Debug|x64.ActiveCfg = Debug|x64
		{33834A6A-4466-4339-8C7C-FBA250BC1957}.Debug|x64.Build.0 = Debug|x64
		{33834A6A-4466-4339-8C7C-FBA250BC1957}.Debug|x64.Deploy.0 = Debug|x64
		{33834A6A-4466-4339-8C7C-FBA250BC1957}.Release|ARM.ActiveCfg = Release|Win32
		{33834A6A-4466-4339-8C7C-FBA250BC1957}.Release|Win32.ActiveCfg = Release|Win32
		{33834A6A-4466-4339-8C7C-FBA250BC1957}.Release|Win32.Build.0 = Release|Win32
		{33834A6A-4466-4339-8C7C-FBA250BC1957}.Release|x64.ActiveCfg = Release|x64
		{33834A6A-4466-4339-8C7C-FBA250BC1957}.Release|x64.Build.0 = Release|x64
		{58D93FCA-FDE9-4D22-8E8D-402EEBACF2BD}.Debug|ARM.ActiveCfg = Debug|Win32
		{58D93FCA-FDE9-4D22-8E8D-402EEBACF2BD}.Debug|Win32.ActiveCfg = Debug|Win32
		{58D93FCA-FDE9-4D22-8E8D-402EEBACF2BD}.Debug|Win32.Build.0 = Debug|Win32
		{58D93FCA-FDE9-4D22-8E8D-402EEBACF2BD}.Debug|x64.ActiveCfg = Debug|x64
		{58D93FCA-FDE9-4D22-8E8D-402EEBACF2BD}.Debug|x64.Build.0 = Debug|x64
		{58D93FCA-FDE9-4D22-8E8D-402EEBACF2BD}.Release|ARM.ActiveCfg = Release|Win32
		{58D93FCA-FDE9-4D22-8E8D-402EEBACF2BD}.Release|Win32.ActiveCfg = Release|Win32
		{58D93FCA-FDE9-4D22-8E8D-402EEBACF2BD}.Release|Win32.Build.0 = Release|Win32
		{58D93FCA-FDE9-4D22-8E8D-402EEBACF2BD}.Release|x64.ActiveCfg = Release|x64
		{58D93FCA-FDE9-4D22-8E8D-402EEBACF2BD}.Release|x64.Build.0 = Release|x64
		{C5F515E3-379A-4678-B947-509B3603D826}.Debug|ARM.ActiveCfg = Debug|Win32
		{C5F515E3-379A-4678-B947-509B3603D826}.Debug|Win32.ActiveCfg = Debug|Win32
		{C5F515E3-379A-4678-B947-509B3603D826}.Debug|Win32.Build.0 = Debug|Win32
		{C5F515E3-379A-4678-B947-509B3603D826}.Debug|x64.ActiveCfg = Debug|x64
		{C5F515E3-379A-4678-B947-509B3603D826}.Debug|x64.Build.0 = Debug|x64
		{C5F515E3-379A-4678-B947-509B3603D826}.Release|ARM.ActiveCfg = Release|Win32
		{C5F515E3-379A-4678-B947-509B3603D826}.Release|Win32.ActiveCfg = Release|Win32
		{C5F515E3-379A-4678-B947-509B3603D826}.Release|Win32.Build.0 = Release|Win32
		{C5F515E3-379A-4678-B947-509B3603D826}.Release|x64.ActiveCfg = Release|x64
		{C5F515E3-379A-4678-B947-509B3603D826}.Release|x64.Build.0 = Release|x64
		{474EF95D-3579-411B-9DDB-88B49F923D65}.Debug|ARM.ActiveCfg = Debug|Win32
		{474EF95D-3579-411B-9DDB-88B49F923D65}.Debug|Win32.ActiveCfg = Debug|Win32
		{474EF95D-3579-411B-9DDB-88B49F923D65}.Debug|Win32.Build.0 = Debug|Win32
		{474EF95D-3579-411B-9DDB-88B49F923D65}.Debug|x64.ActiveCfg = Debug|x64
		{474EF95D-3579-411B-9DDB-88B49F923D65}.Debug|x64.Build.0 = Debug|x64
		{474EF95D-3579-411B-9DDB-88B49F923D65}.Release|ARM.ActiveCfg = Release|Win32
		{474EF95D-3579-411B-9DDB-88B49F923D65}.Release|Win32.ActiveCfg = Release|Win32
		{474EF95D-3579-411B-9DDB-88B49F923D65}.Release|Win32.Build.0 = Release|Win32
		{474EF95D-3579-411B-9DDB-88B49F923D65}.Release|x64.ActiveCfg = Release|x64
		{474EF95D-3579-411B-9DDB-88B49F923D65}.Release|x64.Build.0 = Release|x64
		{A0872728-B771-49B5-93FA-D7140631A829}.Debug|ARM.ActiveCfg = Debug|Win32
		{A0872728-B771-49B5-93FA-D7140631A829}.Debug|Win32.ActiveCfg = Debug|Win32
		{A0872728-B771-49B5-93FA-D7140631A829}.Debug|Win32.Build.0 = Debug|Win32
		{A0872728-B771-49B5-93FA-D7140631A829}.Debug|x64.ActiveCfg = Debug|x64
		{A0872728-B771-49B5-93FA-D7140631A829}.Debug|x64.Build.0 = Debug|x64
		{A0872728-B771-49B5-93FA-D7140631A829}.Release|ARM.ActiveCfg = Release|Win32
		{A0872728-B771-49B5-93FA-D7140631A829}.Release|Win32.ActiveCfg = Release|Win32
		{A0872728-B771-49B5-93FA-D7140631A829}.Release|Win32.Build.0 = Release|Win32
		{A0872728-B771-49B5-93FA-D7140631A829}.Release|x64.ActiveCfg = Release|x64
		{A0872728-B771-49B5-93FA-D7140631A829}.Release|x64.Build.0 = Release|x64
		{A812C44D-0255-4796-9042-BCAE99963E7D}.Debug|ARM.ActiveCfg = Debug|Win32
		{A812C44D-0255-4796-9042-BCAE99963E7D}.Debug|Win32.ActiveCfg = Debug|Win32
		{A812C44D-0255-4796-9042-BCAE99963E7D}.Debug|Win32.Build.0 = Debug|Win32
		{A812C44D-0255-4796-9042-BCAE99963E7D}.Debug|x64.ActiveCfg = Debug|x64
		{A812C44D-0255-4796-9042-BCAE99963E7D}.Debug|x64.Build.0 = Debug|x64
		{A812C44D-0255-4796-9042-BCAE99963E7D}.Release|ARM.ActiveCfg = Release|Win32
		{A812C44D-0255-4796-9042-BCAE99963E7D}.Release|Win32.ActiveCfg = Release|Win32
		{A812C44D-0255-4796-9042-BCAE99963E7D}.Release|Win32.Build.0 = Release|Win32
		{A812C44D-0255-4796-9042-BCAE99963E7D}.Release|x64.ActiveCfg = Release|x64
		{A812C44D-0255-4796-9042-BCAE99963E7D}.Release|x64.Build.0 = Release|x64
		{E90AE63E-F219-4389-A955-26E78BD1BD9A}.Debug|ARM.ActiveCfg = Debug|Win32
		{E90AE63E-F219-4389-A955-26E78BD1BD9A}.Debug|Win32.ActiveCfg = Debug|Win32
		{E90AE63E-F219-4389-A955-26E78BD1BD9A}.Debug|Win32.Build.0 = Debug|Win32
		{E90AE63E-F219-4389-A955-26E78BD1BD9A}.Debug|x64.ActiveCfg = Debug|x64
		{E90AE63E-F219-4389-A955-26E78BD1BD9A}.Debug|x64.Build.0 = Debug|x64
		{E90AE63E-F219-4389-A955-26E78BD1BD9A}.Release|ARM.ActiveCfg = Release|Win32
		{E90AE63E-F219-4389-A955-26E78BD1BD9A}.Release|Win32.ActiveCfg = Release|Win32
		{E90AE63E-F219-4389-A955-26E78BD1BD9A}.Release|Win32.Build.0 = Release|Win32
		{E90AE63E-F219-4389-A955-26E78BD1BD9A}.Release|x64.ActiveCfg = Release|x64
		{E90AE63E-F219-4389-A955-26E78BD1BD9A}.Release|x64.Build.0 = Release|x64
		{A6E3D645-0F58-45F4-BDC3-CA457C87D7BC}.Debug|ARM.ActiveCfg = Debug|Win32
		{A6E3D645-0F58-45F4-BDC3-CA457C87D7BC}.Debug|Win32.ActiveCfg = Debug|Win32
		{A6E3D645-0F58-45F4-BDC3-CA457C87D7BC}.Debug|Win32.Build.0 = Debug|Win32
		{A6E3D645-0F58-45F4-BDC3-CA457C87D7BC}.Debug|x64.ActiveCfg = Debug|x64
		{A6E3D645-0F58-45F4-BDC3-CA457C87D7BC}.Debug|x64.Build.0 = Debug|x64
		{A6E3D645-0F58-45F4-BDC3-CA457C87D7BC}.Release|ARM.ActiveCfg = Release|Win32
		{A6E3D645-0F58-45F4-BDC3-CA457C87D7BC}.Release|Win32.ActiveCfg = Release|Win32
		{A6E3D645-0F58-45F4-BDC3-CA457C87D7BC}.Release|Win32.Build.0 = Release|Win32
		{A6E3D645-0F58-45F4-BDC3-CA457C87D7BC}.Release|x64.ActiveCfg = Release|x64
		{A6E3D645-0F58-45F4-BDC3-CA457C87D7BC}.Release|x64.Build.0 = Release|x64
		{E33A27AB-1B93-44D0-87FA-58FF238056A6}.Debug|ARM.ActiveCfg = Debug|Win32
		{E33A27AB-1B93-44D0-87FA-58FF238056A6}.Debug|Win32.ActiveCfg = Debug|Win32
		{E33A27AB-1B93-44D0-87FA-58FF238056A6}.Debug|Win32.Build.0 = Debug|Win32
		{E33A27AB-1B93-44D0-87FA-58FF238056A6}.Debug|x64.ActiveCfg = Debug|x64
		{E33A27AB-1B93-44D0-87FA-58FF238056A6}.Debug|x64.Build.0 = Debug|x64
		{E33A27AB-1B93-44D0-87FA-58FF238056A6}.Release|ARM.ActiveCfg = Release|Win32
		{E33A27AB-1B93-44D0-87FA-58FF238056A6}.Release|Win32.ActiveCfg = Release|Win32
		{E33A27AB-1B93-44D0-87FA-58FF238056A6}.Release|Win32.Build.0 = Release|Win32
		{E33A27AB-1B93-44D0-87FA-58FF238056A6}.Release|x64.ActiveCfg = Release|x64
		{E33A27AB-1B93-44D0-87FA-58FF238056A6}.Release|x64.Build.0 = Release|x64
		{F21AF849-7361-421A-975F-EB4974DD1DEE}.Debug|ARM.ActiveCfg = Debug|Win32
		{F21AF849-7361-421A-975F-EB4974DD1DEE}.Debug|Win32.ActiveCfg = Debug|Win32
		{F21AF849-7361-421A-975F-EB4974DD1DEE}.Debug|Win32.Build.0 = Debug|Win32
		{F21AF849-7361-421A-975F-EB4974DD1DEE}.Debug|x64.ActiveCfg = Debug|x64
		{F21AF849-7361-421A-975F-EB4974DD1DEE}.Debug|x64.Build.0 = Debug|x64
		{F21AF849-7361-421A-975F-EB4974DD1DEE}.Release|ARM.ActiveCfg = Release|Win32
		{F21AF849-7361-421A-975F-EB4974DD1DEE}.Release|Win32.ActiveCfg = Release|Win32
		{F21AF849-7361-421A-975F-EB4974DD1DEE}.Release|Win32.Build.0 = Release|Win32
		{F21AF849-7361-421A-975F-EB4974DD1DEE}.Release|x64.ActiveCfg = Release|x64
		{F21AF849-7361-421A-975F-EB4974DD1DEE}.Release|x64.Build.0 = Release|x64
		{AEE6CB8D-BDC3-4DFB-906B-E3A2DF69DC44}.Debug|ARM.ActiveCfg = Debug|Win32
		{AEE6CB8D-BDC3-4DFB-906B-E3A2DF69DC44}.Debug|Win32.ActiveCfg = Debug|Win32
		{AEE6CB8D-BDC3-4DFB-906B-E3A2DF69DC44}.Debug|Win32.Build.0 = Debug|Win32
		{AEE6CB8D-BDC3-4DFB-906B-E3A2DF69DC44}.Debug|x64.ActiveCfg = Debug|x64
		{AEE6CB8D-BDC3-4DFB-906B-E3A2DF69DC44}.Debug|x64.Build.0 = Debug|x64
		{AEE6CB8D-BDC3-4DFB-906B-E3A2DF69DC44}.Release|ARM.ActiveCfg = Release|Win32
		{AEE6CB8D-BDC3-4DFB-906B-E3A2DF69DC44}.Release|Win32.ActiveCfg = Release|Win32
		{AEE6CB8D-BDC3-4DFB-906B-E3A2DF69DC44}.Release|Win32.Build.0 = Release|Win32
		{AEE6CB8D-BDC3-4DFB-906B-E3A2DF69DC44}.Release|x64.ActiveCfg = Release|x64
		{AEE6CB8D-BDC3-4DFB-906B-E3A2DF69DC44}.Release|x64.Build.0 = Release|x64
		{1E934EA5-0825-4337-BF4F-3255DAE37E26}.Debug|ARM.ActiveCfg = Debug|Win32
		{1E934EA5-0825-4337-BF4F-3255DAE37E26}.Debug|Win32.ActiveCfg = Debug|Win32
		{1E934EA5-0825-4337-BF4F-3255DAE37E26}.Debug|Win32.Build.0 = Debug|Win32
		{1E934EA5-0825-4337-BF4F-3255DAE37E26}.Debug|x64.ActiveCfg = Debug|x64
		{1E934EA5-0825-4337-BF4F-3255DAE37E26}.Debug|x64.Build.0 = Debug|x64
		{1E934EA5-0825-4337-BF4F-3255DAE37E26}.Release|ARM.ActiveCfg = Release|Win32
		{1E934EA5-0825-4337-BF4F-3255DAE37E26}.Release|Win32.ActiveCfg = Release|Win32
		{1E934EA5-0825-4337-BF4F-3255DAE37E26}.Release|Win32.Build.0 = Release|Win32
		{1E934EA5-0825-4337-BF4F-3255DAE37E26}.Release|x64.ActiveCfg = Release|x64
		{1E934EA5-0825-4337-BF4F-3255DAE37E26}.Release|x64.Build.0 = Release|x64
		{B5CEF93B-C13B-48CB-AAFD-848B6740A749}.Debug|ARM.ActiveCfg = Debug|Win32
		{B5CEF93B-C13B-48CB-AAFD-848B6740A749}.Debug|Win32.ActiveCfg = Debug|Win32
		{B5CEF93B-C13B-48CB-AAFD-848B6740A749}.Debug|Win32.Build.0 = Debug|Win32
		{B5CEF93B-C13B-48CB-AAFD-848B6740A749}.Debug|x64.ActiveCfg = Debug|x64
		{B5CEF93B-C13B-48CB-AAFD-848B6740A749}.Debug|x64.Build.0 = Debug|x64
		{B5CEF93B-C13B-48CB-AAFD-848B6740A749}.Release|ARM.ActiveCfg = Release|Win32
		{B5CEF93B-C13B-48CB-AAFD-848B6740A749}.Release|Win32.ActiveCfg = Release|Win32
		{B5CEF93B-C13B-48CB-AAFD-848B6740A749}.Release|Win32.Build.0 = Release|Win32
		{B5CEF93B-C13B-48CB-AAFD-848B6740A749}.Release|x64.ActiveCfg = Release|x64
		{B5CEF93B-C13B-48CB-AAFD-848B6740A749}.Release|x64.Build.0 = Release|x64
		{36DDEBA8-A861-43C7-9D36-C9A679A67D9C}.Debug|ARM.ActiveCfg = Debug|Win32
		{36DDEBA8-A861-43C7-9D36-C9A679A67D9C}.Debug|Win32.ActiveCfg = Debug|Win32
		{36DDEBA8-A861-43C7-9D36-C9A679A67D9C}.Debug|Win32.Build.0 = Debug|Win32
		{36DDEBA8-A861-43C7-9D36-C9A679A67D9C}.Debug|x64.ActiveCfg = Debug|x64
		{36DDEBA8-A861-43C7-9D36-C9A679A67D9C}.Debug|x64.Build.0 = Debug|x64
		{36DDEBA8-A861-43C7-9D36-C9A679A67D9C}.Release|ARM.ActiveCfg = Release|Win32
		{36DDEBA8-A861-43C7-9D36-C9A679A67D9C}.Release|Win32.ActiveCfg = Release|Win32
		{36DDEBA8-A861-43C7-9D36-C9A679A67D9C}.Release|Win32.Build.0 = Release|Win32
		{36DDEBA8-A861-43C7-9D36-C9A679A67D9C}.Release|x64.ActiveCfg = Release|x64
		{36DDEBA8-A861-43C7-9D36-C9A679A67D9C}.Release|x64.Build.0 = Release|x64
		{9156A6EA-5B65-4313-93B9-7EFE20BD97BC}.Debug|ARM.ActiveCfg = Debug|Win32
		{9156A6EA-5B65-4313-93B9-7EFE20BD97BC}.Debug|Win32.ActiveCfg = Debug|Win32
		{9156A6EA-5B65-4313-93B9-7EFE20BD97BC}.Debug|Win32.Build.0 = Debug|Win32
		{9156A6EA-5B65-4313-93B9-7EFE20BD97BC}.Debug|x64.ActiveCfg = Debug|x64
		{9156A6EA-5B65-4313-93B9-7EFE20BD97BC}.Debug|x64.Build.0 = Debug|x64
		{9156A6EA-5B65-4313-93B9-7EFE20BD97BC}.Release|ARM.ActiveCfg = Release|Win32
		{9156A6EA-5B65-4313-93B9-7EFE20BD97BC}.Release|Win32.ActiveCfg = Release|Win32
		{9156A6EA-5B65-4313-93B9-7EFE20BD97BC}.Release|Win32.Build.0 = Release|Win32
		{9156A6EA-5B65-4313-93B9-7EFE20BD97BC}.Release|x64.ActiveCfg = Release|x64
		{9156A6EA-5B65-4313-93B9-7EFE20BD97BC}.Release|x64.Build.0 = Release|x64
		{A86BA466-16CA-413C-8D37-34340E288566}.Debug|ARM.ActiveCfg = Debug|Win32
		{A86BA466-16CA-413C-8D37-34340E288566}.Debug|Win32.ActiveCfg = Debug|Win32
		{A86BA466-16CA-413C-8D37-34340E288566}.Debug|Win32.Build.0 = Debug|Win32
		{A86BA466-16CA-413C-8D37-34340E288566}.Debug|x64.ActiveCfg = Debug|x64
		{A86BA466-16CA-413C-8D37-34340E288566}.Debug|x64.Build.0 = Debug|x64
		{A86BA466-16CA-413C-8D37-34340E288566}.Release|ARM.ActiveCfg = Release|Win32
		{A86BA466-16CA-413C-8D37-34340E288566}.Release|Win32.ActiveCfg = Release|Win32
		{A86BA466-16CA-413C-8D37-34340E288566}.Release|Win32.Build.0 = Release|Win32
		{A86BA466-16CA-413C-8D37-34340E288566}.Release|x64.ActiveCfg = Release|x64
		{A86BA466-16CA-413C-8D37-34340E288566}.Release|x64.Build.0 = Release|x64
		{C7573082-1570-4099-9D45-62014BD2C43B}.Debug|ARM.ActiveCfg = Debug|Win32
		{C7573082-1570-4099-9D45-62014BD2C43B}.Debug|Win32.ActiveCfg = Debug|Win32
		{C7573082-1570-4099-9D45-62014BD2C43B}.Debug|Win32.Build.0 = Debug|Win32
		{C7573082-1570-4099-9D45-62014BD2C43B}.Debug|x64.ActiveCfg = Debug|x64
		{C7573082-1570-4099-9D45-62014BD2C43B}.Debug|x64.Build.0 = Debug|x64
		{C7573082-1570-4099-9D45-62014BD2C43B}.Release|ARM.ActiveCfg = Release|Win32
		{C7573082-1570-4099-9D45-62014BD2C43B}.Release|Win32.ActiveCfg = Release|Win32
		{C7573082-1570-4099-9D45-62014BD2C43B}.Release|Win32.Build.0 = Release|Win32
		{C7573082-1570-4099-9D45-62014BD2C43B}.Release|x64.ActiveCfg = Release|x64
		{C7573082-1570-4099-9D45-62014BD2C43B}.Release|x64.Build.0 = Release|x64
		{146842F9-B6FE-4A81-949F-41B7745AEE43}.Debug|ARM.ActiveCfg = Debug|Win32
		{146842F9-B6FE-4A81-949F-41B7745AEE43}.Debug|Win32.ActiveCfg = Debug|Win32
		{146842F9-B6FE-4A81-949F-41B7745AEE43}.Debug|Win32.Build.0 = Debug|Win32
		{146842F9-B6FE-4A81-949F-41B7745AEE43}.Debug|x64.ActiveCfg = Debug|x64
		{146842F9-B6FE-4A81-949F-41B7745AEE43}.Debug|x64.Build.0 = Debug|x64
		{146842F9-B6FE-4A81-949F-41B7745AEE43}.Release|ARM.ActiveCfg = Release|Win32
		{146842F9-B6FE-4A81-949F-41B7745AEE43}.Release|Win32.ActiveCfg = Release|Win32
		{146842F9-B6FE-4A81-949F-41B7745AEE43}.Release|Win32.Build.0 = Release|Win32
		{146842F9-B6FE-4A81-949F-41B7745AEE43}.Release|x64.ActiveCfg = Release|x64
		{146842F9-B6FE-4A81-949F-41B7745AEE43}.Release|x64.Build.0 = Release|x64
		{94A52075-C449-45CA-A9B2-79E7B4BA27F1}.Debug|ARM.ActiveCfg = Debug|Win32
		{94A52075-C449-45CA-A9B2-79E7B4BA27F1}.Debug|Win32.ActiveCfg = Debug|Win32
		{94A52075-C449-45CA-A9B2-79E7B4BA27F1}.Debug|Win32.Build.0 = Debug|Win32
		{94A52075-C449-45CA-A9B2-79E7B4BA27F1}.Debug|x64.ActiveCfg = Debug|x64
		{94A52075-C449-45CA-A9B2-79E7B4BA27F1}.Debug|x64.Build.0 = Debug|x64
		{94A52075-C449-45CA-A9B2-79E7B4BA27F1}.Release|ARM.ActiveCfg = Release|Win32
		{94A52075-C449-45CA-A9B2-79E7B4BA27F1}.Release|Win32.ActiveCfg = Release|Win32
		{94A52075-C449-45CA-A9B2-79E7B4BA27F1}.Release|Win32.Build.0 = Release|Win32
		{94A52075-C449-45CA-A9B2-79E7B4BA27F1}.Release|x64.ActiveCfg = Release|x64
		{94A52075-C449-45CA-A9B2-79E7B4BA27F1}.Release|x64.Build.0 = Release|x64
		{8B29C54E-B344-4619-935D-0547AF9B7DB2}.Debug|ARM.ActiveCfg = Debug|Win32
		{8B29C54E-B344-4619-935D-0547AF9B7DB2}.Debug|Win32.ActiveCfg = Debug|Win32
		{8B29C54E-B344-4619-935D-0547AF9B7DB2}.Debug|Win32.Build.0 = Debug|Win32
		{8B29C54E-B344-4619-935D-0547AF9B7DB2}.Debug|x64.ActiveCfg = Debug|x64
		{8B29C54E-B344-4619-935D-0547AF9B7DB2}.Debug|x64.Build.0 = Debug|x64
		{8B29C54E-B344-4619-935D-0547AF9B7DB2}.Release|ARM.ActiveCfg = Release|Win32
		{8B29C54E-B344-4619-935D-0547AF9B7DB2}.Release|Win32.ActiveCfg = Release|Win32
		{8B29C54E-B344-4619-935D-0547AF9B7DB2}.Release|Win32.Build.0 = Release|Win32
		{8B29C54E-B344-4619-935D-0547AF9B7DB2}.Release|x64.ActiveCfg = Release|x64
		{8B29C54E-B344-4619-935D-0547AF9B7DB2}.Release|x64.Build.0 = Release|x64
		{A102864A-E273-45B7-B2DA-E5E557888FAC}.Debug|ARM.ActiveCfg = Debug|Win32
		{A102864A-E273-45B7-B2DA-E5E557888FAC}.Debug|Win32.ActiveCfg = Debug|Win32
		{A102864A-E273-45B7-B2DA-E5E557888FAC}.Debug|Win32.Build.0 = Debug|Win32
		{A102864A-E273-45B7-B2DA-E5E557888FAC}.Debug|x64.ActiveCfg = Debug|x64
		{A102864A-E273-45B7-B2DA-E5E557888FAC}.Debug|x64.Build.0 = Debug|x64
		{A102864A-E273-45B7-B2DA-E5E557888FAC}.Release|ARM.ActiveCfg = Release|Win32
		{A102864A-E273-45B7-B2DA-E5E557888FAC}.Release|Win32.ActiveCfg = Release|Win32
		{A102864A-E273-45B7-B2DA-E5E557888FAC}.Release|Win32.Build.0 = Release|Win32
		{A102864A-E273-45B7-B2DA-E5E557888FAC}.Release|x64.ActiveCfg = Release|x64
		{A102864A-E273-45B7-B2DA-E5E557888FAC}.Release|x64.Build.0 = Release|x64
		{E1921C36-49E4-4E10-B318-926D0E26CAEE}.Debug|ARM.ActiveCfg = Debug|Win32
		{E1921C36-49E4-4E10-B318-926D0E26CAEE}.Debug|Win32.ActiveCfg = Debug|Win32
		{E1921C36-49E4-4E10-B318-926D0E26CAEE}.Debug|Win32.Build.0 = Debug|Win32
		{E1921C36-49E4-4E10-B318-926D0E26CAEE}.Debug|x64.ActiveCfg = Debug|x64
		{E1921C36-49E4-4E10-B318-926D0E26CAEE}.Debug|x64.Build.0 = Debug|x64
		{E1921C36-49E4-4E10-B318-926D0E26CAEE}.Release|ARM.ActiveCfg = Release|Win32
		{E1921C36-49E4-4E10-B318-926D0E26CAEE}.Release|Win32.ActiveCfg = Release|Win32
		{E1921C36-49E4-4E10-B318-926D0E26CAEE}.Release|Win32.Build.0 = Release|Win32
		{E1921C36-49E4-4E10-B318-926D0E26CAEE}.Release|x64.ActiveCfg = Release|x64
		{E1921C36-49E4-4E10-B318-926D0E26CAEE}.Release|x64.Build.0 = Release|x64
		{4977020C-A511-4859-9FE5-F52CB44FB5AC}.Debug|ARM.ActiveCfg = Debug|Win32
		{4977020C-A511-4859-9FE5-F52CB44FB5AC}.Debug|Win32.ActiveCfg = Debug|Win32
		{4977020C-A511-4859-9FE5-F52CB44FB5AC}.Debug|Win32.Build.0 = Debug|Win32
		{4977020C-A511-4859-9FE5-F52CB44FB5AC}.Debug|x64.ActiveCfg = Debug|x64
		{4977020C-A511-4859-9FE5-F52CB44FB5AC}.Debug|x64.Build.0 = Debug|x64
		{4977020C-A511-4859-9FE5-F52CB44FB5AC}.Release|ARM.ActiveCfg = Release|Win32
		{4977020C-A511-4859-9FE5-F52CB44FB5AC}.Release|Win32.ActiveCfg = Release|Win32
		{4977020C-A511-4859-9FE5-F52CB44FB5AC}.Release|Win32.Build.0 = Release|Win32
		{4977020C-A511-4859-9FE5-F52CB44FB5AC}.Release|x64.ActiveCfg = Release|x64
		{4977020C-A511-4859-9FE5-F52CB44FB5AC}.Release|x64.Build.0 = Release|x64
		{CCA74C78-3F76-4540-AFC9-0FBF9F4D7F15}.Debug|ARM.ActiveCfg = Debug|Win32
		{CCA74C78-3F76-4540-AFC9-0FBF9F4D7F15}.Debug|Win32.ActiveCfg = Debug|Win32
		{CCA74C78-3F76-4540-AFC9-0FBF9F4D7F15}.Debug|Win32.Build.0 = Debug|Win32
		{CCA74C78-3F76-4540-AFC9-0FBF9F4D7F15}.Debug|x64.ActiveCfg = Debug|x64
		{CCA74C78-3F76-4540-AFC9-0FBF9F4D7F15}.Debug|x64.Build.0 = Debug|x64
		{CCA74C78-3F76-4540-AFC9-0FBF9F4D7F15}.Release|ARM.ActiveCfg = Release|Win32
		{CCA74C78-3F76-4540-AFC9-0FBF9F4D7F15}.Release|Win32.ActiveCfg = Release|Win32
		{CCA74C78-3F76-4540-AFC9-0FBF9F4D7F15}.Release|Win32.Build.0 = Release|Win32
		{CCA74C78-3F76-4540-AFC9-0FBF9F4D7F15}.Release|x64.ActiveCfg = Release|x64
		{CCA74C78-3F76-4540-AFC9-0FBF9F4D7F15}.Release|x64.Build.0 = Release|x64
		{B13225FB-F1D7-49F9-9AC9-A076560E7281}.Debug|ARM.ActiveCfg = Debug|Win32
		{B13225FB-F1D7-49F9-9AC9-A076560E7281}.Debug|Win32.ActiveCfg = Debug|Win32
		{B13225FB-F1D7-49F9-9AC9-A076560E7281}.Debug|Win32.Build.0 = Debug|Win32
		{B13225FB-F1D7-49F9-9AC9-A076560E7281}.Debug|x64.ActiveCfg = Debug|x64
		{B13225FB-F1D7-49F9-9AC9-A076560E7281}.Debug|x64.Build.0 = Debug|x64
		{B13225FB-F1D7-49F9-9AC9-A076560E7281}.Release|ARM.ActiveCfg = Release|Win32
		{B13225FB-F1D7-49F9-9AC9-A076560E7281}.Release|Win32.ActiveCfg = Release|Win32
		{B13225FB-F1D7-49F9-9AC9-A076560E7281}.Release|Win32.Build.0 = Release|Win32
		{B13225FB-F1D7-49F9-9AC9-A076560E7281}.Release|x64.ActiveCfg = Release|x64
		{B13225FB-F1D7-49F9-9AC9-A076560E7281}.Release|x64.Build.0 = Release|x64
		{077D486E-C97E-46DE-B937-C12F1E5A18F4}.Debug|ARM.ActiveCfg = Debug|Win32
		{077D486E-C97E-46DE-B937-C12F1E5A18F4}.Debug|Win32.ActiveCfg = Debug|Win32
		{077D486E-C97E-46DE-B937-C12F1E5A18F4}.Debug|Win32.Build.0 = Debug|Win32
		{077D486E-C97E-46DE-B937-C12F1E5A18F4}.Debug|x64.ActiveCfg = Debug|x64
		{077D486E-C97E-46DE-B937-C12F1E5A18F4}.Debug|x64.Build.0 = Debug|x64
		{077D486E-C97E-46DE-B937-C12F1E5A18F4}.Release|ARM.ActiveCfg = Release|Win32
		{077D486E-C97E-46DE-B937-C12F1E5A18F4}.Release|Win32.ActiveCfg = Release|Win32
		{077D486E-C97E-46DE-B937-C12F1E5A18F4}.Release|Win32.Build.0 = Release|Win32
		{077D486E-C97E-46DE-B937-C12F1E5A18F4}.Release|x64.ActiveCfg = Release|x64
		{077D486E-C97E-46DE-B937-C12F1E5A18F4}.Release|x64.Build.0 = Release|x64
		{D3855FD4-F910-45F2-8DE4-B1596674FA07}.Debug|ARM.ActiveCfg = Debug|Win32
		{D3855FD4-F910-45F2-8DE4-B1596674FA07}.Debug|Win32.ActiveCfg = Debug|Win32
		{D3855FD4-F910-45F2-8DE4-B1596674FA07}.Debug|Win32.Build.0 = Debug|Win32
		{D3855FD4-F910-45F2-8DE4-B1596674FA07}.Debug|x64.ActiveCfg = Debug|x64
		{D3855FD4-F910-45F2-8DE4-B1596674FA07}.Debug|x64.Build.0 = Debug|x64
		{D3855FD4-F910-45F2-8DE4-B1596674FA07}.Release|ARM.ActiveCfg = Release|Win32
		{D3855FD4-F910-45F2-8DE4-B1596674FA07}.Release|Win32.ActiveCfg = Release|Win32
		{D3855FD4-F910-45F2-8DE4-B1596674FA07}.Release|Win32.Build.0 = Release|Win32
		{D3855FD4-F910-45F2-8DE4-B1596674FA07}.Release|x64.ActiveCfg = Release|x64
		{D3855FD4-F910-45F2-8DE4-B1596674FA07}.Release|x64.Build.0 = Release|x64
		{E88921E6-3A6E-4E31-A795-916FB5D618EE}.Debug|ARM.ActiveCfg = Debug|Win32
		{E88921E6-3A6E-4E31-A795-916FB5D618EE}.Debug|Win32.ActiveCfg = Debug|Win32
		{E88921E6-3A6E-4E31-A795-916FB5D618EE}.Debug|Win32.Build.0 = Debug|Win32
		{E88921E6-3A6E-4E31-A795-916FB5D618EE}.Debug|x64.ActiveCfg = Debug|x64
		{E88921E6-3A6E-4E31-A795-916FB5D618EE}.Debug|x64.Build.0 = Debug|x64
		{E88921E6-3A6E-4E31-A795-916FB5D618EE}.Release|ARM.ActiveCfg = Release|Win32
		{E88921E6-3A6E-4E31-A795-916FB5D618EE}.Release|Win32.ActiveCfg = Release|Win32
		{E88921E6-3A6E-4E31-A795-916FB5D618EE}.Release|Win32.Build.0 = Release|Win32
		{E88921E6-3A6E-4E31-A795-916FB5D618EE}.Release|x64.ActiveCfg = Release|x64
		{E88921E6-3A6E-4E31-A795-916FB5D618EE}.Release|x64.Build.0 = Release|x64
		{E53CB2EC-B1CA-4714-A0C2-36EA42B835A7}.Debug|ARM.ActiveCfg = Debug|Win32
		{E53CB2EC-B1CA-4714-A0C2-36EA42B835A7}.Debug|Win32.ActiveCfg = Debug|Win32
		{E53CB2EC-B1CA-4714-A0C2-36EA42B835A7}.Debug|Win32.Build.0 = Debug|Win32
		{E53CB2EC-B1CA-4714-A0C2-36EA42B835A7}.Debug|x64.ActiveCfg = Debug|x64
		{E53CB2EC-B1CA-4714-A0C2-36EA42B835A7}.Debug|x64.Build.0 = Debug|x64
		{E53CB2EC-B1CA-4714-A0C2-36EA42B835A7}.Release|ARM.ActiveCfg = Release|Win32
		{E53CB2EC-B1CA-4714-A0C2-36EA42B835A7}.Release|Win32.ActiveCfg = Release|Win32
		{E53CB2EC-B1CA-4714-A0C2-36EA42B835A7}.Release|Win32.Build.0 = Release|Win32
		{E53CB2EC-B1CA-4714-A0C2-36EA42B835A7}.Release|x64.ActiveCfg = Release|x64
		{E53CB2EC-B1CA-4714-A0C2-36EA42B835A7}.Release|x64.Build.0 = Release|x64
		{1B6D5C1F-0CA1-4927-B1AF-E02EAE32AB60}.Debug|ARM.ActiveCfg = Debug|Win32
		{1B6D5C1F-0CA1-4927-B1AF-E02EAE32AB60}.Debug|Win32.ActiveCfg = Debug|Win32
		{1B6D5C1F-0CA1-4927-B1AF-E02EAE32AB60}.Debug|Win32.Build.0 = Debug|Win32
		{1B6D5C1F-0CA1-4927-B1AF-E02EAE32AB60}.Debug|x64.ActiveCfg = Debug|x64
		{1B6D5C1F-0CA1-4927-B1AF-E02EAE32AB60}.Debug|x64.Build.0 = Debug|x64
		{1B6D5C1F-0CA1-4927-B1AF-E02EAE32AB60}.Release|ARM.ActiveCfg = Release|Win32
		{1B6D5C1F-0CA1-4927-B1AF-E02EAE32AB60}.Release|Win32.ActiveCfg = Release|Win32
		{1B6D5C1F-0CA1-4927-B1AF-E02EAE32AB60}.Release|Win32.Build.0 = Release|Win32
		{1B6D5C1F-0CA1-4927-B1AF-E02EAE32AB60}.Release|x64.ActiveCfg = Release|x64
		{1B6D5C1F-0CA1-4927-B1AF-E02EAE32AB60}.Release|x64.Build.0 = Release|x64
		{0A022F27-BBC3-4FDA-A7C0-6B64C90EA73C}.Debug|ARM.ActiveCfg = Debug|Win32
		{0A022F27-BBC3-4FDA-A7C0-6B64C90EA73C}.Debug|Win32.ActiveCfg = Debug|Win32
		{0A022F27-BBC3-4FDA-A7C0-6B64C90EA73C}.Debug|Win32.Build.0 = Debug|Win32
		{0A022F27-BBC3-4FDA-A7C0-6B64C90EA73C}.Debug|x64.ActiveCfg = Debug|x64
		{0A022F27-BBC3-4FDA-A7C0-6B64C90EA73C}.Debug|x64.Build.0 = Debug|x64
		{0A022F27-BBC3-4FDA-A7C0-6B64C90EA73C}.Release|ARM.ActiveCfg = Release|Win32
		{0A022F27-BBC3-4FDA-A7C0-6B64C90EA73C}.Release|Win32.ActiveCfg = Release|Win32
		{0A022F27-BBC3-4FDA-A7C0-6B64C90EA73C}.Release|Win32.Build.0 = Release|Win32
		{0A022F27-BBC3-4FDA-A7C0-6B64C90EA73C}.Release|x64.ActiveCfg = Release|x64
		{0A022F27-BBC3-4FDA-A7C0-6B64C90EA73C}.Release|x64.Build.0 = Release|x64
		{84D8C657-E331-4AE6-8499-F5C53FC95D4C}.Debug|ARM.ActiveCfg = Debug|Win32
		{84D8C657-E331-4AE6-8499-F5C53FC95D4C}.Debug|Win32.ActiveCfg = Debug|Win32
		{84D8C657-E331-4AE6-8499-F5C53FC95D4C}.Debug|Win32.Build.0 = Debug|Win32
		{84D8C657-E331-4AE6-8499-F5C53FC95D4C}.Debug|x64.ActiveCfg = Debug|x64
		{84D8C657-E331-4AE6-8499-F5C53FC95D4C}.Debug|x64.Build.0 = Debug|x64
		{84D8C657-E331-4AE6-8499-F5C53FC95D4C}.Release|ARM.ActiveCfg = Release|Win32
		{84D8C657-E331-4AE6-8499-F5C53FC95D4C}.Release|Win32.ActiveCfg = Release|Win32
		{84D8C657-E331-4AE6-8499-F5C53FC95D4C}.Release|Win32.Build.0 = Release|Win32
		{84D8C657-E331-4AE6-8499-F5C53FC95D4C}.Release|x64.ActiveCfg = Release|x64
		{84D8C657-E331-4AE6-8499-F5C53FC95D4C}.Release|x64.Build.0 = Release|x64
		{319F313B-5F9B-4A65-BDAE-7FD67BEA00EE}.Debug|ARM.ActiveCfg = Debug|Win32
		{319F313B-5F9B-4A65-BDAE-7FD67BEA00EE}.Debug|Win32.ActiveCfg = Debug|Win32
		{319F313B-5F9B-4A65-BDAE-7FD67BEA00EE}.Debug|Win32.Build.0 = Debug|Win32
		{319F313B-5F9B-4A65-BDAE-7FD67BEA00EE}.Debug|x64.ActiveCfg = Debug|x64
		{319F313B-5F9B-4A65-BDAE-7FD67BEA00EE}.Debug|x64.Build.0 = Debug|x64
		{319F313B-5F9B-4A65-BDAE-7FD67BEA00EE}.Release|ARM.ActiveCfg = Release|Win32
		{319F313B-5F9B-4A65-BDAE-7FD67BEA00EE}.Release|Win32.ActiveCfg = Release|Win32
		{319F313B-5F9B-4A65-BDAE-7FD67BEA00EE}.Release|Win32.Build.0 = Release|Win32
		{319F313B-5F9B-4A65-BDAE-7FD67BEA00EE}.Release|x64.ActiveCfg = Release|x64
		{319F313B-5F9B-4A65-BDAE-7FD67BEA00EE}.Release|x64.Build.0 = Release|x64
		{270C4BB6-C45C-4541-8F9C-47D30C4744F1}.Debug|ARM.ActiveCfg = Debug|Win32
		{270C4BB6-C45C-4541-8F9C-47D30C4744F1}.Debug|Win32.ActiveCfg = Debug|Win32
		{270C4BB6-C45C-4541-8F9C-47D30C4744F1}.Debug|Win32.Build.0 = Debug|Win32
		{270C4BB6-C45C-4541-8F9C-47D30C4744F1}.Debug|x64.ActiveCfg = Debug|x64
		{270C4BB6-C45C-4541-8F9C-47D30C4744F1}.Debug|x64.Build.0 = Debug|x64
		{270C4BB6-C45C-4541-8F9C-47D30C4744F1}.Release|ARM.ActiveCfg = Release|Win32
		{270C4BB6-C45C-4541-8F9C-47D30C4744F1}.Release|Win32.ActiveCfg = Release|Win32
		{270C4BB6-C45C-4541-8F9C-47D30C4744F1}.Release|Win32.Build.0 = Release|Win32
		{270C4BB6-C45C-4541-8F9C-47D30C4744F1}.Release|x64.ActiveCfg = Release|x64
		{270C4BB6-C45C-4541-8F9C-47D30C4744F1}.Release|x64.Build.0 = Release|x64
		{6A44B0B8-2D21-4D64-9F0A-D73A2BBB3103}.Debug|ARM.ActiveCfg = Debug|Win32
		{6A44B0B8-2D21-4D64-9F0A-D73A2BBB3103}.Debug|Win32.ActiveCfg = Debug|Win32
		{6A44B0B8-2D21-4D64-9F0A-D73A2BBB3103}.Debug|Win32.Build.0 = Debug|Win32
		{6A44B0B8-2D21-4D64-9F0A-D73A2BBB3103}.Debug|x64.ActiveCfg = Debug|x64
		{6A44B0B8-2D21-4D64-9F0A-D73A2BBB3103}.Debug|x64.Build.0 = Debug|x64
		{6A44B0B8-2D21-4D64-9F0A-D73A2BBB3103}.Release|ARM.ActiveCfg = Release|Win32
		{6A44B0B8-2D21-4D64-9F0A-D73A2BBB3103}.Release|Win32.ActiveCfg = Release|Win32
		{6A44B0B8-2D21-4D64-9F0A-D73A2BBB3103}.Release|Win32.Build.0 = Release|Win32
		{6A44B0B8-2D21-4D64-9F0A-D73A2BBB3103}.Release|x64.ActiveCfg = Release|x64
		{6A44B0B8-2D21-4D64-9F0A-D73A2BBB3103}.Release|x64.Build.0 = Release|x64
		{11CDD87B-B0B9-4BA3-BC68-6501053C28A7}.Debug|ARM.ActiveCfg = Debug|Win32
		{11CDD87B-B0B9-4BA3-BC68-6501053C28A7}.Debug|Win32.ActiveCfg = Debug|Win32
		{11CDD87B-B0B9-4BA3-BC68-6501053C28A7}.Debug|Win32.Build.0 = Debug|Win32
		{11CDD87B-B0B9-4BA3-BC68-6501053C28A7}.Debug|x64.ActiveCfg = Debug|x64
		{11CDD87B-B0B9-4BA3-BC68-6501053C28A7}.Debug|x64.Build.0 = Debug|x64
		{11CDD87B-B0B9-4BA3-BC68-6501053C28A7}.Release|ARM.ActiveCfg = Release|Win32
		{11CDD87B-B0B9-4BA3-BC68-6501053C28A7}.Release|Win32.ActiveCfg = Release|Win32
		{11CDD87B-B0B9-4BA3-BC68-6501053C28A7}.Release|Win32.Build.0 = Release|Win32
		{11CDD87B-B0B9-4BA3-BC68-6501053C28A7}.Release|x64.ActiveCfg = Release|x64
		{11CDD87B-B0B9-4BA3-BC68-6501053C28A7}.Release|x64.Build.0 = Release|x64
		{336AEFC3-987C-40AA-9678-E8BF1EC9C26F}.Debug|ARM.ActiveCfg = Debug|ARM
		{336AEFC3-987C-40AA-9678-E8BF1EC9C26F}.Debug|ARM.Build.0 = Debug|ARM
		{336AEFC3-987C-40AA-9678-E8BF1EC9C26F}.Debug|Win32.ActiveCfg = Debug|Win32
		{336AEFC3-987C-40AA-9678-E8BF1EC9C26F}.Debug|Win32.Build.0 = Debug|Win32
		{336AEFC3-987C-40AA-9678-E8BF1EC9C26F}.Debug|x64.ActiveCfg = Debug|x64
		{336AEFC3-987C-40AA-9678-E8BF1EC9C26F}.Debug|x64.Build.0 = Debug|x64
		{336AEFC3-987C-40AA-9678-E8BF1EC9C26F}.Release|ARM.ActiveCfg = Release|ARM
		{336AEFC3-987C-40AA-9678-E8BF1EC9C26F}.Release|ARM.Build.0 = Release|ARM
		{336AEFC3-987C-40AA-9678-E8BF1EC9C26F}.Release|Win32.ActiveCfg = Release|Win32
		{336AEFC3-987C-40AA-9678-E8BF1EC9C26F}.Release|Win32.Build.0 = Release|Win32
		{336AEFC3-987C-40AA-9678-E8BF1EC9C26F}.Release|x64.ActiveCfg = Release|x64
		{336AEFC3-987C-40AA-9678-E8BF1EC9C26F}.Release|x64.Build.0 = Release|x64
		{D77FD96A-F811-49F9-B65A-4D983B0079E0}.Debug|ARM.ActiveCfg = Debug|Win32
		{D77FD96A-F811-49F9-B65A-4D983B0079E0}.Debug|Win32.ActiveCfg = Debug|Win32
		{D77FD96A-F811-49F9-B65A-4D983B0079E0}.Debug|Win32.Build.0 = Debug|Win32
		{D77FD96A-F811-49F9-B65A-4D983B0079E0}.Debug|x64.ActiveCfg = Debug|x64
		{D77FD96A-F811-49F9-B65A-4D983B0079E0}.Debug|x64.Build.0 = Debug|x64
		{D77FD96A-F811-49F9-B65A-4D983B0079E0}.Release|ARM.ActiveCfg = Release|Win32
		{D77FD96A-F811-49F9-B65A-4D983B0079E0}.Release|Win32.ActiveCfg = Release|Win32
		{D77FD96A-F811-49F9-B65A-4D983B0079E0}.Release|Win32.Build.0 = Release|Win32
		{D77FD96A-F811-49F9-B65A-4D983B0079E0}.Release|x64.ActiveCfg = Release|x64
		{D77FD96A-F811-49F9-B65A-4D983B0079E0}.Release|x64.Build.0 = Release|x64
		{C0856744-133B-4BC2-85FA-CA9DCEBA7CA9}.Debug|ARM.ActiveCfg = Debug|Win32
		{C0856744-133B-4BC2-85FA-CA9DCEBA7CA9}.Debug|Win32.ActiveCfg = Debug|Win32
		{C0856744-133B-4BC2-85FA-CA9DCEBA7CA9}.Debug|Win32.Build.0 = Debug|Win32
		{C0856744-133B-4BC2-85FA-CA9DCEBA7CA9}.Debug|x64.ActiveCfg = Debug|x64
		{C0856744-133B-4BC2-85FA-CA9DCEBA7CA9}.Debug|x64.Build.0 = Debug|x64
		{C0856744-133B-4BC2-85FA-CA9DCEBA7CA9}.Release|ARM.ActiveCfg = Release|Win32
		{C0856744-133B-4BC2-85FA-CA9DCEBA7CA9}.Release|Win32.ActiveCfg = Release|Win32
		{C0856744-133B-4BC2-85FA-CA9DCEBA7CA9}.Release|Win32.Build.0 = Release|Win32
		{C0856744-133B-4BC2-85FA-CA9DCEBA7CA9}.Release|x64.ActiveCfg = Release|x64
		{C0856744-133B-4BC2-85FA-CA9DCEBA7CA9}.Release|x64.Build.0 = Release|x64
		{54E94009-6BF9-4847-A614-1DDDC863EB3F}.Debug|ARM.ActiveCfg = Debug|x86
		{54E94009-6BF9-4847-A614-1DDDC863EB3F}.Debug|Win32.ActiveCfg = Debug|x86
		{54E94009-6BF9-4847-A614-1DDDC863EB3F}.Debug|Win32.Build.0 = Debug|x86
		{54E94009-6BF9-4847-A614-1DDDC863EB3F}.Debug|x64.ActiveCfg = Debug|x64
		{54E94009-6BF9-4847-A614-1DDDC863EB3F}.Debug|x64.Build.0 = Debug|x64
		{54E94009-6BF9-4847-A614-1DDDC863EB3F}.Release|ARM.ActiveCfg = Release|x86
		{54E94009-6BF9-4847-A614-1DDDC863EB3F}.Release|Win32.ActiveCfg = Release|x86
		{54E94009-6BF9-4847-A614-1DDDC863EB3F}.Release|Win32.Build.0 = Release|x86
		{54E94009-6BF9-4847-A614-1DDDC863EB3F}.Release|x64.ActiveCfg = Release|x64
		{54E94009-6BF9-4847-A614-1DDDC863EB3F}.Release|x64.Build.0 = Release|x64
		{45806EE4-0256-4B1D-A730-EB70966E070A}.Debug|ARM.ActiveCfg = Debug|Win32
		{45806EE4-0256-4B1D-A730-EB70966E070A}.Debug|Win32.ActiveCfg = Debug|Win32
		{45806EE4-0256-4B1D-A730-EB70966E070A}.Debug|Win32.Build.0 = Debug|Win32
		{45806EE4-0256-4B1D-A730-EB70966E070A}.Debug|x64.ActiveCfg = Debug|x64
		{45806EE4-0256-4B1D-A730-EB70966E070A}.Debug|x64.Build.0 = Debug|x64
		{45806EE4-0256-4B1D-A730-EB70966E070A}.Release|ARM.ActiveCfg = Release|Win32
		{45806EE4-0256-4B1D-A730-EB70966E070A}.Release|Win32.ActiveCfg = Release|Win32
		{45806EE4-0256-4B1D-A730-EB70966E070A}.Release|Win32.Build.0 = Release|Win32
		{45806EE4-0256-4B1D-A730-EB70966E070A}.Release|x64.ActiveCfg = Release|x64
		{45806EE4-0256-4B1D-A730-EB70966E070A}.Release|x64.Build.0 = Release|x64
	EndGlobalSection
	GlobalSection(SolutionProperties) = preSolution
		HideSolutionNode = FALSE
	EndGlobalSection
	GlobalSection(NestedProjects) = preSolution
		{5FADB243-53C3-4776-A20F-8BD65C10CF41} = {CD184324-7B3B-48FD-9B41-4A4638B41459}
		{F22D082D-FDDD-4946-A11B-5276F0994C74} = {CD184324-7B3B-48FD-9B41-4A4638B41459}
		{33834A6A-4466-4339-8C7C-FBA250BC1957} = {CD184324-7B3B-48FD-9B41-4A4638B41459}
		{58D93FCA-FDE9-4D22-8E8D-402EEBACF2BD} = {CD184324-7B3B-48FD-9B41-4A4638B41459}
		{C5F515E3-379A-4678-B947-509B3603D826} = {E4C0D92D-FE15-43AE-A86D-A9866C0A50E6}
		{474EF95D-3579-411B-9DDB-88B49F923D65} = {E4C0D92D-FE15-43AE-A86D-A9866C0A50E6}
		{A0872728-B771-49B5-93FA-D7140631A829} = {CD184324-7B3B-48FD-9B41-4A4638B41459}
		{A812C44D-0255-4796-9042-BCAE99963E7D} = {CD184324-7B3B-48FD-9B41-4A4638B41459}
		{E90AE63E-F219-4389-A955-26E78BD1BD9A} = {E4C0D92D-FE15-43AE-A86D-A9866C0A50E6}
		{A6E3D645-0F58-45F4-BDC3-CA457C87D7BC} = {37F1D2F6-0C25-455B-BD67-F4CCF9D6F58B}
		{E33A27AB-1B93-44D0-87FA-58FF238056A6} = {37F1D2F6-0C25-455B-BD67-F4CCF9D6F58B}
		{F21AF849-7361-421A-975F-EB4974DD1DEE} = {37F1D2F6-0C25-455B-BD67-F4CCF9D6F58B}
		{AEE6CB8D-BDC3-4DFB-906B-E3A2DF69DC44} = {37F1D2F6-0C25-455B-BD67-F4CCF9D6F58B}
		{1E934EA5-0825-4337-BF4F-3255DAE37E26} = {37F1D2F6-0C25-455B-BD67-F4CCF9D6F58B}
		{B5CEF93B-C13B-48CB-AAFD-848B6740A749} = {37F1D2F6-0C25-455B-BD67-F4CCF9D6F58B}
		{36DDEBA8-A861-43C7-9D36-C9A679A67D9C} = {37F1D2F6-0C25-455B-BD67-F4CCF9D6F58B}
		{9156A6EA-5B65-4313-93B9-7EFE20BD97BC} = {37F1D2F6-0C25-455B-BD67-F4CCF9D6F58B}
		{A86BA466-16CA-413C-8D37-34340E288566} = {37F1D2F6-0C25-455B-BD67-F4CCF9D6F58B}
		{C7573082-1570-4099-9D45-62014BD2C43B} = {37F1D2F6-0C25-455B-BD67-F4CCF9D6F58B}
		{146842F9-B6FE-4A81-949F-41B7745AEE43} = {37F1D2F6-0C25-455B-BD67-F4CCF9D6F58B}
		{94A52075-C449-45CA-A9B2-79E7B4BA27F1} = {37F1D2F6-0C25-455B-BD67-F4CCF9D6F58B}
		{8B29C54E-B344-4619-935D-0547AF9B7DB2} = {37F1D2F6-0C25-455B-BD67-F4CCF9D6F58B}
		{A102864A-E273-45B7-B2DA-E5E557888FAC} = {37F1D2F6-0C25-455B-BD67-F4CCF9D6F58B}
		{E1921C36-49E4-4E10-B318-926D0E26CAEE} = {37F1D2F6-0C25-455B-BD67-F4CCF9D6F58B}
		{4977020C-A511-4859-9FE5-F52CB44FB5AC} = {37F1D2F6-0C25-455B-BD67-F4CCF9D6F58B}
		{CCA74C78-3F76-4540-AFC9-0FBF9F4D7F15} = {37F1D2F6-0C25-455B-BD67-F4CCF9D6F58B}
		{B13225FB-F1D7-49F9-9AC9-A076560E7281} = {37F1D2F6-0C25-455B-BD67-F4CCF9D6F58B}
		{077D486E-C97E-46DE-B937-C12F1E5A18F4} = {37F1D2F6-0C25-455B-BD67-F4CCF9D6F58B}
		{D3855FD4-F910-45F2-8DE4-B1596674FA07} = {37F1D2F6-0C25-455B-BD67-F4CCF9D6F58B}
		{E88921E6-3A6E-4E31-A795-916FB5D618EE} = {37F1D2F6-0C25-455B-BD67-F4CCF9D6F58B}
		{E53CB2EC-B1CA-4714-A0C2-36EA42B835A7} = {37F1D2F6-0C25-455B-BD67-F4CCF9D6F58B}
		{1B6D5C1F-0CA1-4927-B1AF-E02EAE32AB60} = {37F1D2F6-0C25-455B-BD67-F4CCF9D6F58B}
		{0A022F27-BBC3-4FDA-A7C0-6B64C90EA73C} = {37F1D2F6-0C25-455B-BD67-F4CCF9D6F58B}
		{84D8C657-E331-4AE6-8499-F5C53FC95D4C} = {37F1D2F6-0C25-455B-BD67-F4CCF9D6F58B}
		{319F313B-5F9B-4A65-BDAE-7FD67BEA00EE} = {37F1D2F6-0C25-455B-BD67-F4CCF9D6F58B}
		{270C4BB6-C45C-4541-8F9C-47D30C4744F1} = {5BBA34FD-7BEA-4742-96D6-4629CFE9294C}
		{6A44B0B8-2D21-4D64-9F0A-D73A2BBB3103} = {5BBA34FD-7BEA-4742-96D6-4629CFE9294C}
		{11CDD87B-B0B9-4BA3-BC68-6501053C28A7} = {5BBA34FD-7BEA-4742-96D6-4629CFE9294C}
		{D77FD96A-F811-49F9-B65A-4D983B0079E0} = {5BBA34FD-7BEA-4742-96D6-4629CFE9294C}
		{C0856744-133B-4BC2-85FA-CA9DCEBA7CA9} = {5BBA34FD-7BEA-4742-96D6-4629CFE9294C}
		{54E94009-6BF9-4847-A614-1DDDC863EB3F} = {5BBA34FD-7BEA-4742-96D6-4629CFE9294C}
		{45806EE4-0256-4B1D-A730-EB70966E070A} = {5BBA34FD-7BEA-4742-96D6-4629CFE9294C}
	EndGlobalSection
	GlobalSection(ExtensibilityGlobals) = postSolution
		SolutionGuid = {B7A30992-2B34-4251-8573-4C023151A8C3}
	EndGlobalSection
EndGlobal
