
Microsoft Visual Studio Solution File, Format Version 12.00
# Visual Studio 15
VisualStudioVersion = 15.0.27703.2000
MinimumVisualStudioVersion = 10.0.40219.1
Project("{8BC9CEB8-8B4A-11D0-8D11-00A0C91BC942}") = "simple_transcode_opaque_lowlat", "simple_transcode_opaque_lowlat.vcxproj", "{319F313B-5F9B-4A65-BDAE-7FD67BEA00EE}"
EndProject
Global
	GlobalSection(SolutionConfigurationPlatforms) = preSolution
		Debug|Win32 = Debug|Win32
		Debug|x64 = Debug|x64
		Release|Win32 = Release|Win32
		Release|x64 = Release|x64
	EndGlobalSection
	GlobalSection(ProjectConfigurationPlatforms) = postSolution
		{319F313B-5F9B-4A65-BDAE-7FD67BEA00EE}.Debug|Win32.ActiveCfg = Debug|Win32
		{319F313B-5F9B-4A65-BDAE-7FD67BEA00EE}.Debug|Win32.Build.0 = Debug|Win32
		{319F313B-5F9B-4A65-BDAE-7FD67BEA00EE}.Debug|x64.ActiveCfg = Debug|x64
		{319F313B-5F9B-4A65-BDAE-7FD67BEA00EE}.Debug|x64.Build.0 = Debug|x64
		{319F313B-5F9B-4A65-BDAE-7FD67BEA00EE}.Release|Win32.ActiveCfg = Release|Win32
		{319F313B-5F9B-4A65-BDAE-7FD67BEA00EE}.Release|Win32.Build.0 = Release|Win32
		{319F313B-5F9B-4A65-BDAE-7FD67BEA00EE}.Release|x64.ActiveCfg = Release|x64
		{319F313B-5F9B-4A65-BDAE-7FD67BEA00EE}.Release|x64.Build.0 = Release|x64
	EndGlobalSection
	GlobalSection(SolutionProperties) = preSolution
		HideSolutionNode = FALSE
	EndGlobalSection
EndGlobal
