
Microsoft Visual Studio Solution File, Format Version 12.00
# Visual Studio 15
VisualStudioVersion = 15.0.27703.2000
MinimumVisualStudioVersion = 10.0.40219.1
Project("{8BC9CEB8-8B4A-11D0-8D11-00A0C91BC942}") = "simple_encode_d3d_preproc", "simple_encode_d3d_preproc.vcxproj", "{0A022F27-BBC3-4FDA-A7C0-6B64C90EA73C}"
EndProject
Global
	GlobalSection(SolutionConfigurationPlatforms) = preSolution
		Debug|Win32 = Debug|Win32
		Debug|x64 = Debug|x64
		Release|Win32 = Release|Win32
		Release|x64 = Release|x64
	EndGlobalSection
	GlobalSection(ProjectConfigurationPlatforms) = postSolution
		{0A022F27-BBC3-4FDA-A7C0-6B64C90EA73C}.Debug|Win32.ActiveCfg = Debug|Win32
		{0A022F27-BBC3-4FDA-A7C0-6B64C90EA73C}.Debug|Win32.Build.0 = Debug|Win32
		{0A022F27-BBC3-4FDA-A7C0-6B64C90EA73C}.Debug|x64.ActiveCfg = Debug|x64
		{0A022F27-BBC3-4FDA-A7C0-6B64C90EA73C}.Debug|x64.Build.0 = Debug|x64
		{0A022F27-BBC3-4FDA-A7C0-6B64C90EA73C}.Release|Win32.ActiveCfg = Release|Win32
		{0A022F27-BBC3-4FDA-A7C0-6B64C90EA73C}.Release|Win32.Build.0 = Release|Win32
		{0A022F27-BBC3-4FDA-A7C0-6B64C90EA73C}.Release|x64.ActiveCfg = Release|x64
		{0A022F27-BBC3-4FDA-A7C0-6B64C90EA73C}.Release|x64.Build.0 = Release|x64
	EndGlobalSection
	GlobalSection(SolutionProperties) = preSolution
		HideSolutionNode = FALSE
	EndGlobalSection
EndGlobal
