<?xml version="1.0" encoding="utf-8"?>
<Project ToolsVersion="14.0" xmlns="http://schemas.microsoft.com/developer/msbuild/2003">
  <ItemGroup>
    <Filter Include="Common">
      <UniqueIdentifier>f8c0fbbb-1778-40ab-afe9-b2703e0d48e9</UniqueIdentifier>
    </Filter>
    <Filter Include="Assets">
      <UniqueIdentifier>cf1a61fa-bbf3-411f-a597-f2f4601cbc5d</UniqueIdentifier>
      <Extensions>bmp;fbx;gif;jpg;jpeg;tga;tiff;tif;png</Extensions>
    </Filter>
  </ItemGroup>
  <ItemGroup>
    <ApplicationDefinition Include="App.xaml" />
  </ItemGroup>
  <ItemGroup>
    <ClCompile Include="App.xaml.cpp" />
    <ClCompile Include="MainPage.xaml.cpp" />
    <ClCompile Include="pch.cpp" />
    <ClCompile Include="EncoderSettingsControl.xaml.cpp" />
    <ClCompile Include="NumEditControl.cpp" />
  </ItemGroup>
  <ItemGroup>
    <ClInclude Include="pch.h" />
    <ClInclude Include="App.xaml.h" />
    <ClInclude Include="MainPage.xaml.h" />
    <ClInclude Include="EncoderSettingsControl.xaml.h" />
    <ClInclude Include="NumEditControl.h" />
  </ItemGroup>
  <ItemGroup>
    <Image Include="Assets\LockScreenLogo.scale-200.png">
      <Filter>Assets</Filter>
    </Image>
    <Image Include="Assets\SplashScreen.scale-200.png">
      <Filter>Assets</Filter>
    </Image>
    <Image Include="Assets\Square150x150Logo.scale-200.png">
      <Filter>Assets</Filter>
    </Image>
    <Image Include="Assets\Square44x44Logo.scale-200.png">
      <Filter>Assets</Filter>
    </Image>
    <Image Include="Assets\Square44x44Logo.targetsize-24_altform-unplated.png">
      <Filter>Assets</Filter>
    </Image>
    <Image Include="Assets\StoreLogo.png">
      <Filter>Assets</Filter>
    </Image>
    <Image Include="Assets\Wide310x150Logo.scale-200.png">
      <Filter>Assets</Filter>
    </Image>
  </ItemGroup>
  <ItemGroup>
    <AppxManifest Include="Package.appxmanifest" />
  </ItemGroup>
  <ItemGroup>
    <None Include="..\ffmpeg\Build\Windows10\x64\bin\*.dll" />
    <None Include="..\ffmpeg\Build\Windows10\x64\bin\*.dll" />
    <None Include="..\ffmpeg\Build\Windows10\x64\bin\*.dll" />
    <None Include="..\ffmpeg\Build\Windows10\x64\bin\*.dll" />
    <None Include="..\ffmpeg\Build\Windows10\x64\bin\*.dll" />
    <None Include="..\ffmpeg\Build\Windows10\x64\bin\*.dll" />
    <None Include="..\ffmpeg\Build\Windows10\x64\bin\*.dll" />
    <None Include="..\ffmpeg\Build\Windows10\x64\bin\*.dll" />
    <None Include="..\ffmpeg\Build\Windows10\x64\bin\*.dll" />
    <None Include="..\ffmpeg\Build\Windows10\x64\bin\*.dll" />
    <None Include="..\ffmpeg\Build\Windows10\x64\bin\*.dll" />
    <None Include="EncoderSample_TemporaryKey.pfx" />
  </ItemGroup>
  <ItemGroup>
    <Page Include="MainPage.xaml" />
    <Page Include="EncoderSettingsControl.xaml" />
  </ItemGroup>
</Project>