<?xml version="1.0" encoding="utf-8"?>
<Project ToolsVersion="4.0" xmlns="http://schemas.microsoft.com/developer/msbuild/2003">
  <ItemGroup>
    <ClCompile Include="src\mfx_dispatcher.cpp" />
    <ClCompile Include="src\mfx_dispatcher_uwp.cpp" />
    <ClCompile Include="src\mfx_dispatcher_log.cpp" />
    <ClCompile Include="src\mfx_function_table.cpp" />
    <ClCompile Include="src\main.cpp" />
    <ClCompile Include="src\mfx_load_dll.cpp" />
    <ClCompile Include="src\mfx_driver_store_loader.cpp" />
    <ClCompile Include="src\mfx_dxva2_device.cpp" />
  </ItemGroup>
  <ItemGroup>
    <ClInclude Include="include\mfxaudio_exposed_functions_list.h" />
    <ClInclude Include="include\mfx_dispatcher.h" />
    <ClInclude Include="include\mfx_dispatcher_uwp.h" />
    <ClInclude Include="include\mfx_dispatcher_defs.h" />
    <ClInclude Include="include\mfx_dispatcher_log.h" />
    <ClInclude Include="include\mfx_exposed_functions_list.h" />
    <ClInclude Include="include\mfx_vector.h" />
    <ClInclude Include="include\mfx_load_dll.h" />
    <ClInclude Include="include\mfx_driver_store_loader.h" />
    <ClInclude Include="include\mfx_dxva2_device.h" />
  </ItemGroup>
  <ItemGroup>
    <Filter Include="Documentation">
      <UniqueIdentifier>{a76fc74b-469b-40f4-888b-abe6d364d3e2}</UniqueIdentifier>
    </Filter>
  </ItemGroup>
</Project>